// !$*UTF8*$!
{
	archiveVersion = 1;
	classes = {
	};
	objectVersion = 56;
	objects = {

/* Begin PBXBuildFile section */
		B121A5722B5F8EE100667D42 /* Font +.swift in Sources */ = {isa = PBXBuildFile; fileRef = B121A5712B5F8EE100667D42 /* Font +.swift */; };
		B121A5732B5F910900667D42 /* Pretendard-Bold.otf in Resources */ = {isa = PBXBuildFile; fileRef = B121A56C2B5F8D5D00667D42 /* Pretendard-Bold.otf */; };
		B121A5742B5F910B00667D42 /* Pretendard-Light.otf in Resources */ = {isa = PBXBuildFile; fileRef = B121A56D2B5F8D5D00667D42 /* Pretendard-Light.otf */; };
		B121A5752B5F911500667D42 /* Pretendard-Medium.otf in Resources */ = {isa = PBXBuildFile; fileRef = B121A56B2B5F8D5D00667D42 /* Pretendard-Medium.otf */; };
		B121A5762B5F911700667D42 /* Pretendard-Regular.otf in Resources */ = {isa = PBXBuildFile; fileRef = B121A5692B5F8D5D00667D42 /* Pretendard-Regular.otf */; };
		B121A5772B5F911900667D42 /* Pretendard-SemiBold.otf in Resources */ = {isa = PBXBuildFile; fileRef = B121A56A2B5F8D5D00667D42 /* Pretendard-SemiBold.otf */; };
		B121A5782B5F911A00667D42 /* Pretendard-Thin.otf in Resources */ = {isa = PBXBuildFile; fileRef = B121A56E2B5F8D5E00667D42 /* Pretendard-Thin.otf */; };
		B14771F92B6218870036A4A9 /* SegmentBarVer2.swift in Sources */ = {isa = PBXBuildFile; fileRef = B14771F82B6218870036A4A9 /* SegmentBarVer2.swift */; };
		B1B8FE7D2B5EA9D900921BBE /* FinalHrmiProjectsApp.swift in Sources */ = {isa = PBXBuildFile; fileRef = B1B8FE7C2B5EA9D900921BBE /* FinalHrmiProjectsApp.swift */; };
		B1B8FE7F2B5EA9D900921BBE /* ContentView.swift in Sources */ = {isa = PBXBuildFile; fileRef = B1B8FE7E2B5EA9D900921BBE /* ContentView.swift */; };
		B1B8FE812B5EA9DA00921BBE /* Assets.xcassets in Resources */ = {isa = PBXBuildFile; fileRef = B1B8FE802B5EA9DA00921BBE /* Assets.xcassets */; };
		B1B8FE842B5EA9DA00921BBE /* Preview Assets.xcassets in Resources */ = {isa = PBXBuildFile; fileRef = B1B8FE832B5EA9DA00921BBE /* Preview Assets.xcassets */; };
		B1B8FE8D2B5EAAAB00921BBE /* Colors.xcassets in Resources */ = {isa = PBXBuildFile; fileRef = B1B8FE8C2B5EAAAB00921BBE /* Colors.xcassets */; };
		B1EE24642B613EB1007F68B0 /* FirebaseAnalytics in Frameworks */ = {isa = PBXBuildFile; productRef = B1EE24632B613EB1007F68B0 /* FirebaseAnalytics */; };
		B1EE24662B613EB1007F68B0 /* FirebaseAnalyticsOnDeviceConversion in Frameworks */ = {isa = PBXBuildFile; productRef = B1EE24652B613EB1007F68B0 /* FirebaseAnalyticsOnDeviceConversion */; };
		B1EE24682B613EB1007F68B0 /* FirebaseAnalyticsSwift in Frameworks */ = {isa = PBXBuildFile; productRef = B1EE24672B613EB1007F68B0 /* FirebaseAnalyticsSwift */; };
		B1EE246A2B613EB1007F68B0 /* FirebaseAnalyticsWithoutAdIdSupport in Frameworks */ = {isa = PBXBuildFile; productRef = B1EE24692B613EB1007F68B0 /* FirebaseAnalyticsWithoutAdIdSupport */; };
		B1EE246C2B613EB1007F68B0 /* FirebaseAppCheck in Frameworks */ = {isa = PBXBuildFile; productRef = B1EE246B2B613EB1007F68B0 /* FirebaseAppCheck */; };
		B1EE24732B61431A007F68B0 /* DummyModel.swift in Sources */ = {isa = PBXBuildFile; fileRef = B1EE24722B61431A007F68B0 /* DummyModel.swift */; };
		B1EE24882B61445E007F68B0 /* MypageView.swift in Sources */ = {isa = PBXBuildFile; fileRef = B1EE24872B61445E007F68B0 /* MypageView.swift */; };
		B1EE248A2B614464007F68B0 /* LikedView.swift in Sources */ = {isa = PBXBuildFile; fileRef = B1EE24892B614464007F68B0 /* LikedView.swift */; };
		B1EE248C2B61446A007F68B0 /* RecordView.swift in Sources */ = {isa = PBXBuildFile; fileRef = B1EE248B2B61446A007F68B0 /* RecordView.swift */; };
		B1EE248E2B614470007F68B0 /* PostsView.swift in Sources */ = {isa = PBXBuildFile; fileRef = B1EE248D2B614470007F68B0 /* PostsView.swift */; };
		B1EE24902B614477007F68B0 /* DrinkInfoView.swift in Sources */ = {isa = PBXBuildFile; fileRef = B1EE248F2B614477007F68B0 /* DrinkInfoView.swift */; };
		B1EE24922B61447F007F68B0 /* MainView.swift in Sources */ = {isa = PBXBuildFile; fileRef = B1EE24912B61447F007F68B0 /* MainView.swift */; };
		B1EE24942B614485007F68B0 /* LogInView.swift in Sources */ = {isa = PBXBuildFile; fileRef = B1EE24932B614485007F68B0 /* LogInView.swift */; };
		B1EE24962B6144A5007F68B0 /* MypageViewModel.swift in Sources */ = {isa = PBXBuildFile; fileRef = B1EE24952B6144A5007F68B0 /* MypageViewModel.swift */; };
		B1EE24982B6144BD007F68B0 /* LikedViewModel.swift in Sources */ = {isa = PBXBuildFile; fileRef = B1EE24972B6144BD007F68B0 /* LikedViewModel.swift */; };
		B1EE249A2B6144C5007F68B0 /* RecordViewModel.swift in Sources */ = {isa = PBXBuildFile; fileRef = B1EE24992B6144C5007F68B0 /* RecordViewModel.swift */; };
		B1EE249C2B6144CD007F68B0 /* PostsViewModel.swift in Sources */ = {isa = PBXBuildFile; fileRef = B1EE249B2B6144CD007F68B0 /* PostsViewModel.swift */; };
		B1EE249E2B6144DD007F68B0 /* DrinkInfoViewModel.swift in Sources */ = {isa = PBXBuildFile; fileRef = B1EE249D2B6144DD007F68B0 /* DrinkInfoViewModel.swift */; };
		B1EE24A02B6144E3007F68B0 /* MainViewModel.swift in Sources */ = {isa = PBXBuildFile; fileRef = B1EE249F2B6144E3007F68B0 /* MainViewModel.swift */; };
		B1EE24A22B6144EA007F68B0 /* LogInViewModel.swift in Sources */ = {isa = PBXBuildFile; fileRef = B1EE24A12B6144EA007F68B0 /* LogInViewModel.swift */; };
		B1EE24A52B614872007F68B0 /* SearchBar.swift in Sources */ = {isa = PBXBuildFile; fileRef = B1EE24A42B614872007F68B0 /* SearchBar.swift */; };
/* End PBXBuildFile section */

/* Begin PBXFileReference section */
		B121A5692B5F8D5D00667D42 /* Pretendard-Regular.otf */ = {isa = PBXFileReference; lastKnownFileType = file; path = "Pretendard-Regular.otf"; sourceTree = "<group>"; };
		B121A56A2B5F8D5D00667D42 /* Pretendard-SemiBold.otf */ = {isa = PBXFileReference; lastKnownFileType = file; path = "Pretendard-SemiBold.otf"; sourceTree = "<group>"; };
		B121A56B2B5F8D5D00667D42 /* Pretendard-Medium.otf */ = {isa = PBXFileReference; lastKnownFileType = file; path = "Pretendard-Medium.otf"; sourceTree = "<group>"; };
		B121A56C2B5F8D5D00667D42 /* Pretendard-Bold.otf */ = {isa = PBXFileReference; lastKnownFileType = file; path = "Pretendard-Bold.otf"; sourceTree = "<group>"; };
		B121A56D2B5F8D5D00667D42 /* Pretendard-Light.otf */ = {isa = PBXFileReference; lastKnownFileType = file; path = "Pretendard-Light.otf"; sourceTree = "<group>"; };
		B121A56E2B5F8D5E00667D42 /* Pretendard-Thin.otf */ = {isa = PBXFileReference; lastKnownFileType = file; path = "Pretendard-Thin.otf"; sourceTree = "<group>"; };
		B121A56F2B5F8DA100667D42 /* Info.plist */ = {isa = PBXFileReference; lastKnownFileType = text.plist; path = Info.plist; sourceTree = "<group>"; };
		B121A5712B5F8EE100667D42 /* Font +.swift */ = {isa = PBXFileReference; lastKnownFileType = sourcecode.swift; path = "Font +.swift"; sourceTree = "<group>"; };
		B14771F82B6218870036A4A9 /* SegmentBarVer2.swift */ = {isa = PBXFileReference; lastKnownFileType = sourcecode.swift; path = SegmentBarVer2.swift; sourceTree = "<group>"; };
		B1B8FE792B5EA9D900921BBE /* FinalHrmiProjects.app */ = {isa = PBXFileReference; explicitFileType = wrapper.application; includeInIndex = 0; path = FinalHrmiProjects.app; sourceTree = BUILT_PRODUCTS_DIR; };
		B1B8FE7C2B5EA9D900921BBE /* FinalHrmiProjectsApp.swift */ = {isa = PBXFileReference; lastKnownFileType = sourcecode.swift; path = FinalHrmiProjectsApp.swift; sourceTree = "<group>"; };
		B1B8FE7E2B5EA9D900921BBE /* ContentView.swift */ = {isa = PBXFileReference; lastKnownFileType = sourcecode.swift; path = ContentView.swift; sourceTree = "<group>"; };
		B1B8FE802B5EA9DA00921BBE /* Assets.xcassets */ = {isa = PBXFileReference; lastKnownFileType = folder.assetcatalog; path = Assets.xcassets; sourceTree = "<group>"; };
		B1B8FE832B5EA9DA00921BBE /* Preview Assets.xcassets */ = {isa = PBXFileReference; lastKnownFileType = folder.assetcatalog; path = "Preview Assets.xcassets"; sourceTree = "<group>"; };
		B1B8FE8C2B5EAAAB00921BBE /* Colors.xcassets */ = {isa = PBXFileReference; lastKnownFileType = folder.assetcatalog; path = Colors.xcassets; sourceTree = "<group>"; };
		B1EE24722B61431A007F68B0 /* DummyModel.swift */ = {isa = PBXFileReference; lastKnownFileType = sourcecode.swift; path = DummyModel.swift; sourceTree = "<group>"; };
		B1EE24872B61445E007F68B0 /* MypageView.swift */ = {isa = PBXFileReference; lastKnownFileType = sourcecode.swift; path = MypageView.swift; sourceTree = "<group>"; };
		B1EE24892B614464007F68B0 /* LikedView.swift */ = {isa = PBXFileReference; lastKnownFileType = sourcecode.swift; path = LikedView.swift; sourceTree = "<group>"; };
		B1EE248B2B61446A007F68B0 /* RecordView.swift */ = {isa = PBXFileReference; lastKnownFileType = sourcecode.swift; path = RecordView.swift; sourceTree = "<group>"; };
		B1EE248D2B614470007F68B0 /* PostsView.swift */ = {isa = PBXFileReference; lastKnownFileType = sourcecode.swift; path = PostsView.swift; sourceTree = "<group>"; };
		B1EE248F2B614477007F68B0 /* DrinkInfoView.swift */ = {isa = PBXFileReference; lastKnownFileType = sourcecode.swift; path = DrinkInfoView.swift; sourceTree = "<group>"; };
		B1EE24912B61447F007F68B0 /* MainView.swift */ = {isa = PBXFileReference; lastKnownFileType = sourcecode.swift; path = MainView.swift; sourceTree = "<group>"; };
		B1EE24932B614485007F68B0 /* LogInView.swift */ = {isa = PBXFileReference; lastKnownFileType = sourcecode.swift; path = LogInView.swift; sourceTree = "<group>"; };
		B1EE24952B6144A5007F68B0 /* MypageViewModel.swift */ = {isa = PBXFileReference; lastKnownFileType = sourcecode.swift; path = MypageViewModel.swift; sourceTree = "<group>"; };
		B1EE24972B6144BD007F68B0 /* LikedViewModel.swift */ = {isa = PBXFileReference; lastKnownFileType = sourcecode.swift; path = LikedViewModel.swift; sourceTree = "<group>"; };
		B1EE24992B6144C5007F68B0 /* RecordViewModel.swift */ = {isa = PBXFileReference; lastKnownFileType = sourcecode.swift; path = RecordViewModel.swift; sourceTree = "<group>"; };
		B1EE249B2B6144CD007F68B0 /* PostsViewModel.swift */ = {isa = PBXFileReference; lastKnownFileType = sourcecode.swift; path = PostsViewModel.swift; sourceTree = "<group>"; };
		B1EE249D2B6144DD007F68B0 /* DrinkInfoViewModel.swift */ = {isa = PBXFileReference; lastKnownFileType = sourcecode.swift; path = DrinkInfoViewModel.swift; sourceTree = "<group>"; };
		B1EE249F2B6144E3007F68B0 /* MainViewModel.swift */ = {isa = PBXFileReference; lastKnownFileType = sourcecode.swift; path = MainViewModel.swift; sourceTree = "<group>"; };
		B1EE24A12B6144EA007F68B0 /* LogInViewModel.swift */ = {isa = PBXFileReference; lastKnownFileType = sourcecode.swift; path = LogInViewModel.swift; sourceTree = "<group>"; };
		B1EE24A42B614872007F68B0 /* SearchBar.swift */ = {isa = PBXFileReference; lastKnownFileType = sourcecode.swift; path = SearchBar.swift; sourceTree = "<group>"; };
/* End PBXFileReference section */

/* Begin PBXFrameworksBuildPhase section */
		B1B8FE762B5EA9D900921BBE /* Frameworks */ = {
			isa = PBXFrameworksBuildPhase;
			buildActionMask = 2147483647;
			files = (
				B1EE24682B613EB1007F68B0 /* FirebaseAnalyticsSwift in Frameworks */,
				B1EE24642B613EB1007F68B0 /* FirebaseAnalytics in Frameworks */,
				B1EE24662B613EB1007F68B0 /* FirebaseAnalyticsOnDeviceConversion in Frameworks */,
				B1EE246C2B613EB1007F68B0 /* FirebaseAppCheck in Frameworks */,
				B1EE246A2B613EB1007F68B0 /* FirebaseAnalyticsWithoutAdIdSupport in Frameworks */,
			);
			runOnlyForDeploymentPostprocessing = 0;
		};
/* End PBXFrameworksBuildPhase section */

/* Begin PBXGroup section */
		B121A5652B5F8D2000667D42 /* Resource */ = {
			isa = PBXGroup;
			children = (
				B121A5712B5F8EE100667D42 /* Font +.swift */,
				B1EE24A32B614508007F68B0 /* Components */,
				B121A5682B5F8D4800667D42 /* Pretendard */,
			);
			path = Resource;
			sourceTree = "<group>";
		};
		B121A5682B5F8D4800667D42 /* Pretendard */ = {
			isa = PBXGroup;
			children = (
				B121A56C2B5F8D5D00667D42 /* Pretendard-Bold.otf */,
				B121A56D2B5F8D5D00667D42 /* Pretendard-Light.otf */,
				B121A56B2B5F8D5D00667D42 /* Pretendard-Medium.otf */,
				B121A5692B5F8D5D00667D42 /* Pretendard-Regular.otf */,
				B121A56A2B5F8D5D00667D42 /* Pretendard-SemiBold.otf */,
				B121A56E2B5F8D5E00667D42 /* Pretendard-Thin.otf */,
			);
			path = Pretendard;
			sourceTree = "<group>";
		};
		B1B8FE702B5EA9D900921BBE = {
			isa = PBXGroup;
			children = (
				B1B8FE7B2B5EA9D900921BBE /* FinalHrmiProjects */,
				B1B8FE7A2B5EA9D900921BBE /* Products */,
			);
			sourceTree = "<group>";
		};
		B1B8FE7A2B5EA9D900921BBE /* Products */ = {
			isa = PBXGroup;
			children = (
				B1B8FE792B5EA9D900921BBE /* FinalHrmiProjects.app */,
			);
			name = Products;
			sourceTree = "<group>";
		};
		B1B8FE7B2B5EA9D900921BBE /* FinalHrmiProjects */ = {
			isa = PBXGroup;
			children = (
				B1B8FE7C2B5EA9D900921BBE /* FinalHrmiProjectsApp.swift */,
				B1B8FE7E2B5EA9D900921BBE /* ContentView.swift */,
				B1EE246D2B614280007F68B0 /* Model */,
				B1EE246F2B614293007F68B0 /* View */,
				B1EE246E2B614289007F68B0 /* ViewModel */,
				B121A5652B5F8D2000667D42 /* Resource */,
				B1B8FE802B5EA9DA00921BBE /* Assets.xcassets */,
				B1B8FE8C2B5EAAAB00921BBE /* Colors.xcassets */,
				B121A56F2B5F8DA100667D42 /* Info.plist */,
				B1B8FE822B5EA9DA00921BBE /* Preview Content */,
			);
			path = FinalHrmiProjects;
			sourceTree = "<group>";
		};
		B1B8FE822B5EA9DA00921BBE /* Preview Content */ = {
			isa = PBXGroup;
			children = (
				B1B8FE832B5EA9DA00921BBE /* Preview Assets.xcassets */,
			);
			path = "Preview Content";
			sourceTree = "<group>";
		};
		B1EE246D2B614280007F68B0 /* Model */ = {
			isa = PBXGroup;
			children = (
				B1EE24722B61431A007F68B0 /* DummyModel.swift */,
			);
			path = Model;
			sourceTree = "<group>";
		};
		B1EE246E2B614289007F68B0 /* ViewModel */ = {
			isa = PBXGroup;
			children = (
				B1EE24802B6143C7007F68B0 /* Mypage */,
				B1EE24812B6143CD007F68B0 /* Liked */,
				B1EE24822B6143D2007F68B0 /* Record */,
				B1EE24832B6143DC007F68B0 /* Posts */,
				B1EE24842B6143E4007F68B0 /* DrinkInfo */,
				B1EE24852B6143EA007F68B0 /* Main */,
				B1EE24862B6143EF007F68B0 /* LogIn */,
			);
			path = ViewModel;
			sourceTree = "<group>";
		};
		B1EE246F2B614293007F68B0 /* View */ = {
			isa = PBXGroup;
			children = (
				B1EE247E2B614388007F68B0 /* Mypage */,
				B1EE247D2B61437F007F68B0 /* Liked */,
				B1EE247B2B61436C007F68B0 /* Record */,
				B1EE24782B614354007F68B0 /* Posts */,
				B1EE24762B614345007F68B0 /* DrinkInfo */,
				B1EE24752B61432B007F68B0 /* Main */,
				B1EE24742B614322007F68B0 /* LogIn */,
			);
			path = View;
			sourceTree = "<group>";
		};
		B1EE24742B614322007F68B0 /* LogIn */ = {
			isa = PBXGroup;
			children = (
				B1EE24932B614485007F68B0 /* LogInView.swift */,
			);
			path = LogIn;
			sourceTree = "<group>";
		};
		B1EE24752B61432B007F68B0 /* Main */ = {
			isa = PBXGroup;
			children = (
				B1EE24912B61447F007F68B0 /* MainView.swift */,
			);
			path = Main;
			sourceTree = "<group>";
		};
		B1EE24762B614345007F68B0 /* DrinkInfo */ = {
			isa = PBXGroup;
			children = (
				B1EE248F2B614477007F68B0 /* DrinkInfoView.swift */,
			);
			path = DrinkInfo;
			sourceTree = "<group>";
		};
		B1EE24782B614354007F68B0 /* Posts */ = {
			isa = PBXGroup;
			children = (
				B1EE248D2B614470007F68B0 /* PostsView.swift */,
			);
			path = Posts;
			sourceTree = "<group>";
		};
		B1EE247B2B61436C007F68B0 /* Record */ = {
			isa = PBXGroup;
			children = (
				B1EE248B2B61446A007F68B0 /* RecordView.swift */,
			);
			path = Record;
			sourceTree = "<group>";
		};
		B1EE247D2B61437F007F68B0 /* Liked */ = {
			isa = PBXGroup;
			children = (
				B1EE24892B614464007F68B0 /* LikedView.swift */,
			);
			path = Liked;
			sourceTree = "<group>";
		};
		B1EE247E2B614388007F68B0 /* Mypage */ = {
			isa = PBXGroup;
			children = (
				B1EE24872B61445E007F68B0 /* MypageView.swift */,
			);
			path = Mypage;
			sourceTree = "<group>";
		};
		B1EE24802B6143C7007F68B0 /* Mypage */ = {
			isa = PBXGroup;
			children = (
				B1EE24952B6144A5007F68B0 /* MypageViewModel.swift */,
			);
			path = Mypage;
			sourceTree = "<group>";
		};
		B1EE24812B6143CD007F68B0 /* Liked */ = {
			isa = PBXGroup;
			children = (
				B1EE24972B6144BD007F68B0 /* LikedViewModel.swift */,
			);
			path = Liked;
			sourceTree = "<group>";
		};
		B1EE24822B6143D2007F68B0 /* Record */ = {
			isa = PBXGroup;
			children = (
				B1EE24992B6144C5007F68B0 /* RecordViewModel.swift */,
			);
			path = Record;
			sourceTree = "<group>";
		};
		B1EE24832B6143DC007F68B0 /* Posts */ = {
			isa = PBXGroup;
			children = (
				B1EE249B2B6144CD007F68B0 /* PostsViewModel.swift */,
			);
			path = Posts;
			sourceTree = "<group>";
		};
		B1EE24842B6143E4007F68B0 /* DrinkInfo */ = {
			isa = PBXGroup;
			children = (
				B1EE249D2B6144DD007F68B0 /* DrinkInfoViewModel.swift */,
			);
			path = DrinkInfo;
			sourceTree = "<group>";
		};
		B1EE24852B6143EA007F68B0 /* Main */ = {
			isa = PBXGroup;
			children = (
				B1EE249F2B6144E3007F68B0 /* MainViewModel.swift */,
			);
			path = Main;
			sourceTree = "<group>";
		};
		B1EE24862B6143EF007F68B0 /* LogIn */ = {
			isa = PBXGroup;
			children = (
				B1EE24A12B6144EA007F68B0 /* LogInViewModel.swift */,
			);
			path = LogIn;
			sourceTree = "<group>";
		};
		B1EE24A32B614508007F68B0 /* Components */ = {
			isa = PBXGroup;
			children = (
				B1EE24A42B614872007F68B0 /* SearchBar.swift */,
				B14771F82B6218870036A4A9 /* SegmentBarVer2.swift */,
			);
			path = Components;
			sourceTree = "<group>";
		};
/* End PBXGroup section */

/* Begin PBXNativeTarget section */
		B1B8FE782B5EA9D900921BBE /* FinalHrmiProjects */ = {
			isa = PBXNativeTarget;
			buildConfigurationList = B1B8FE872B5EA9DA00921BBE /* Build configuration list for PBXNativeTarget "FinalHrmiProjects" */;
			buildPhases = (
				B1B8FE752B5EA9D900921BBE /* Sources */,
				B1B8FE762B5EA9D900921BBE /* Frameworks */,
				B1B8FE772B5EA9D900921BBE /* Resources */,
			);
			buildRules = (
			);
			dependencies = (
			);
			name = FinalHrmiProjects;
			packageProductDependencies = (
				B1EE24632B613EB1007F68B0 /* FirebaseAnalytics */,
				B1EE24652B613EB1007F68B0 /* FirebaseAnalyticsOnDeviceConversion */,
				B1EE24672B613EB1007F68B0 /* FirebaseAnalyticsSwift */,
				B1EE24692B613EB1007F68B0 /* FirebaseAnalyticsWithoutAdIdSupport */,
				B1EE246B2B613EB1007F68B0 /* FirebaseAppCheck */,
			);
			productName = FinalHrmiProjects;
			productReference = B1B8FE792B5EA9D900921BBE /* FinalHrmiProjects.app */;
			productType = "com.apple.product-type.application";
		};
/* End PBXNativeTarget section */

/* Begin PBXProject section */
		B1B8FE712B5EA9D900921BBE /* Project object */ = {
			isa = PBXProject;
			attributes = {
				BuildIndependentTargetsInParallel = 1;
				LastSwiftUpdateCheck = 1500;
				LastUpgradeCheck = 1500;
				TargetAttributes = {
					B1B8FE782B5EA9D900921BBE = {
						CreatedOnToolsVersion = 15.0;
					};
				};
			};
			buildConfigurationList = B1B8FE742B5EA9D900921BBE /* Build configuration list for PBXProject "FinalHrmiProjects" */;
			compatibilityVersion = "Xcode 14.0";
			developmentRegion = en;
			hasScannedForEncodings = 0;
			knownRegions = (
				en,
				Base,
			);
			mainGroup = B1B8FE702B5EA9D900921BBE;
			packageReferences = (
				B1EE24622B613EB1007F68B0 /* XCRemoteSwiftPackageReference "firebase-ios-sdk" */,
			);
			productRefGroup = B1B8FE7A2B5EA9D900921BBE /* Products */;
			projectDirPath = "";
			projectRoot = "";
			targets = (
				B1B8FE782B5EA9D900921BBE /* FinalHrmiProjects */,
			);
		};
/* End PBXProject section */

/* Begin PBXResourcesBuildPhase section */
		B1B8FE772B5EA9D900921BBE /* Resources */ = {
			isa = PBXResourcesBuildPhase;
			buildActionMask = 2147483647;
			files = (
				B1B8FE8D2B5EAAAB00921BBE /* Colors.xcassets in Resources */,
				B121A5732B5F910900667D42 /* Pretendard-Bold.otf in Resources */,
				B1B8FE842B5EA9DA00921BBE /* Preview Assets.xcassets in Resources */,
				B121A5782B5F911A00667D42 /* Pretendard-Thin.otf in Resources */,
				B121A5772B5F911900667D42 /* Pretendard-SemiBold.otf in Resources */,
				B121A5742B5F910B00667D42 /* Pretendard-Light.otf in Resources */,
				B121A5762B5F911700667D42 /* Pretendard-Regular.otf in Resources */,
				B1B8FE812B5EA9DA00921BBE /* Assets.xcassets in Resources */,
				B121A5752B5F911500667D42 /* Pretendard-Medium.otf in Resources */,
			);
			runOnlyForDeploymentPostprocessing = 0;
		};
/* End PBXResourcesBuildPhase section */

/* Begin PBXSourcesBuildPhase section */
		B1B8FE752B5EA9D900921BBE /* Sources */ = {
			isa = PBXSourcesBuildPhase;
			buildActionMask = 2147483647;
			files = (
				B1EE248A2B614464007F68B0 /* LikedView.swift in Sources */,
				B1EE249A2B6144C5007F68B0 /* RecordViewModel.swift in Sources */,
				B1EE24732B61431A007F68B0 /* DummyModel.swift in Sources */,
				B1EE249E2B6144DD007F68B0 /* DrinkInfoViewModel.swift in Sources */,
				B1EE24A22B6144EA007F68B0 /* LogInViewModel.swift in Sources */,
				B1B8FE7F2B5EA9D900921BBE /* ContentView.swift in Sources */,
				B1EE24982B6144BD007F68B0 /* LikedViewModel.swift in Sources */,
				B1EE24962B6144A5007F68B0 /* MypageViewModel.swift in Sources */,
				B1EE24922B61447F007F68B0 /* MainView.swift in Sources */,
				B1EE24A02B6144E3007F68B0 /* MainViewModel.swift in Sources */,
				B1EE248C2B61446A007F68B0 /* RecordView.swift in Sources */,
				B1B8FE7D2B5EA9D900921BBE /* FinalHrmiProjectsApp.swift in Sources */,
				B1EE24902B614477007F68B0 /* DrinkInfoView.swift in Sources */,
				B121A5722B5F8EE100667D42 /* Font +.swift in Sources */,
				B14771F92B6218870036A4A9 /* SegmentBarVer2.swift in Sources */,
				B1EE249C2B6144CD007F68B0 /* PostsViewModel.swift in Sources */,
				B1EE24A52B614872007F68B0 /* SearchBar.swift in Sources */,
				B1EE24942B614485007F68B0 /* LogInView.swift in Sources */,
				B1EE248E2B614470007F68B0 /* PostsView.swift in Sources */,
				B1EE24882B61445E007F68B0 /* MypageView.swift in Sources */,
			);
			runOnlyForDeploymentPostprocessing = 0;
		};
/* End PBXSourcesBuildPhase section */

/* Begin XCBuildConfiguration section */
		B1B8FE852B5EA9DA00921BBE /* Debug */ = {
			isa = XCBuildConfiguration;
			buildSettings = {
				ALWAYS_SEARCH_USER_PATHS = NO;
				ASSETCATALOG_COMPILER_GENERATE_SWIFT_ASSET_SYMBOL_EXTENSIONS = YES;
				CLANG_ANALYZER_NONNULL = YES;
				CLANG_ANALYZER_NUMBER_OBJECT_CONVERSION = YES_AGGRESSIVE;
				CLANG_CXX_LANGUAGE_STANDARD = "gnu++20";
				CLANG_ENABLE_MODULES = YES;
				CLANG_ENABLE_OBJC_ARC = YES;
				CLANG_ENABLE_OBJC_WEAK = YES;
				CLANG_WARN_BLOCK_CAPTURE_AUTORELEASING = YES;
				CLANG_WARN_BOOL_CONVERSION = YES;
				CLANG_WARN_COMMA = YES;
				CLANG_WARN_CONSTANT_CONVERSION = YES;
				CLANG_WARN_DEPRECATED_OBJC_IMPLEMENTATIONS = YES;
				CLANG_WARN_DIRECT_OBJC_ISA_USAGE = YES_ERROR;
				CLANG_WARN_DOCUMENTATION_COMMENTS = YES;
				CLANG_WARN_EMPTY_BODY = YES;
				CLANG_WARN_ENUM_CONVERSION = YES;
				CLANG_WARN_INFINITE_RECURSION = YES;
				CLANG_WARN_INT_CONVERSION = YES;
				CLANG_WARN_NON_LITERAL_NULL_CONVERSION = YES;
				CLANG_WARN_OBJC_IMPLICIT_RETAIN_SELF = YES;
				CLANG_WARN_OBJC_LITERAL_CONVERSION = YES;
				CLANG_WARN_OBJC_ROOT_CLASS = YES_ERROR;
				CLANG_WARN_QUOTED_INCLUDE_IN_FRAMEWORK_HEADER = YES;
				CLANG_WARN_RANGE_LOOP_ANALYSIS = YES;
				CLANG_WARN_STRICT_PROTOTYPES = YES;
				CLANG_WARN_SUSPICIOUS_MOVE = YES;
				CLANG_WARN_UNGUARDED_AVAILABILITY = YES_AGGRESSIVE;
				CLANG_WARN_UNREACHABLE_CODE = YES;
				CLANG_WARN__DUPLICATE_METHOD_MATCH = YES;
				COPY_PHASE_STRIP = NO;
				DEBUG_INFORMATION_FORMAT = dwarf;
				ENABLE_STRICT_OBJC_MSGSEND = YES;
				ENABLE_TESTABILITY = YES;
				ENABLE_USER_SCRIPT_SANDBOXING = YES;
				GCC_C_LANGUAGE_STANDARD = gnu17;
				GCC_DYNAMIC_NO_PIC = NO;
				GCC_NO_COMMON_BLOCKS = YES;
				GCC_OPTIMIZATION_LEVEL = 0;
				GCC_PREPROCESSOR_DEFINITIONS = (
					"DEBUG=1",
					"$(inherited)",
				);
				GCC_WARN_64_TO_32_BIT_CONVERSION = YES;
				GCC_WARN_ABOUT_RETURN_TYPE = YES_ERROR;
				GCC_WARN_UNDECLARED_SELECTOR = YES;
				GCC_WARN_UNINITIALIZED_AUTOS = YES_AGGRESSIVE;
				GCC_WARN_UNUSED_FUNCTION = YES;
				GCC_WARN_UNUSED_VARIABLE = YES;
				IPHONEOS_DEPLOYMENT_TARGET = 16.0;
				LOCALIZATION_PREFERS_STRING_CATALOGS = YES;
				MTL_ENABLE_DEBUG_INFO = INCLUDE_SOURCE;
				MTL_FAST_MATH = YES;
				ONLY_ACTIVE_ARCH = YES;
				SDKROOT = iphoneos;
				SWIFT_ACTIVE_COMPILATION_CONDITIONS = "DEBUG $(inherited)";
				SWIFT_OPTIMIZATION_LEVEL = "-Onone";
			};
			name = Debug;
		};
		B1B8FE862B5EA9DA00921BBE /* Release */ = {
			isa = XCBuildConfiguration;
			buildSettings = {
				ALWAYS_SEARCH_USER_PATHS = NO;
				ASSETCATALOG_COMPILER_GENERATE_SWIFT_ASSET_SYMBOL_EXTENSIONS = YES;
				CLANG_ANALYZER_NONNULL = YES;
				CLANG_ANALYZER_NUMBER_OBJECT_CONVERSION = YES_AGGRESSIVE;
				CLANG_CXX_LANGUAGE_STANDARD = "gnu++20";
				CLANG_ENABLE_MODULES = YES;
				CLANG_ENABLE_OBJC_ARC = YES;
				CLANG_ENABLE_OBJC_WEAK = YES;
				CLANG_WARN_BLOCK_CAPTURE_AUTORELEASING = YES;
				CLANG_WARN_BOOL_CONVERSION = YES;
				CLANG_WARN_COMMA = YES;
				CLANG_WARN_CONSTANT_CONVERSION = YES;
				CLANG_WARN_DEPRECATED_OBJC_IMPLEMENTATIONS = YES;
				CLANG_WARN_DIRECT_OBJC_ISA_USAGE = YES_ERROR;
				CLANG_WARN_DOCUMENTATION_COMMENTS = YES;
				CLANG_WARN_EMPTY_BODY = YES;
				CLANG_WARN_ENUM_CONVERSION = YES;
				CLANG_WARN_INFINITE_RECURSION = YES;
				CLANG_WARN_INT_CONVERSION = YES;
				CLANG_WARN_NON_LITERAL_NULL_CONVERSION = YES;
				CLANG_WARN_OBJC_IMPLICIT_RETAIN_SELF = YES;
				CLANG_WARN_OBJC_LITERAL_CONVERSION = YES;
				CLANG_WARN_OBJC_ROOT_CLASS = YES_ERROR;
				CLANG_WARN_QUOTED_INCLUDE_IN_FRAMEWORK_HEADER = YES;
				CLANG_WARN_RANGE_LOOP_ANALYSIS = YES;
				CLANG_WARN_STRICT_PROTOTYPES = YES;
				CLANG_WARN_SUSPICIOUS_MOVE = YES;
				CLANG_WARN_UNGUARDED_AVAILABILITY = YES_AGGRESSIVE;
				CLANG_WARN_UNREACHABLE_CODE = YES;
				CLANG_WARN__DUPLICATE_METHOD_MATCH = YES;
				COPY_PHASE_STRIP = NO;
				DEBUG_INFORMATION_FORMAT = "dwarf-with-dsym";
				ENABLE_NS_ASSERTIONS = NO;
				ENABLE_STRICT_OBJC_MSGSEND = YES;
				ENABLE_USER_SCRIPT_SANDBOXING = YES;
				GCC_C_LANGUAGE_STANDARD = gnu17;
				GCC_NO_COMMON_BLOCKS = YES;
				GCC_WARN_64_TO_32_BIT_CONVERSION = YES;
				GCC_WARN_ABOUT_RETURN_TYPE = YES_ERROR;
				GCC_WARN_UNDECLARED_SELECTOR = YES;
				GCC_WARN_UNINITIALIZED_AUTOS = YES_AGGRESSIVE;
				GCC_WARN_UNUSED_FUNCTION = YES;
				GCC_WARN_UNUSED_VARIABLE = YES;
				IPHONEOS_DEPLOYMENT_TARGET = 16.0;
				LOCALIZATION_PREFERS_STRING_CATALOGS = YES;
				MTL_ENABLE_DEBUG_INFO = NO;
				MTL_FAST_MATH = YES;
				SDKROOT = iphoneos;
				SWIFT_COMPILATION_MODE = wholemodule;
				VALIDATE_PRODUCT = YES;
			};
			name = Release;
		};
		B1B8FE882B5EA9DA00921BBE /* Debug */ = {
			isa = XCBuildConfiguration;
			buildSettings = {
				ASSETCATALOG_COMPILER_APPICON_NAME = AppIcon;
				ASSETCATALOG_COMPILER_GLOBAL_ACCENT_COLOR_NAME = AccentColor;
				CODE_SIGN_STYLE = Automatic;
				CURRENT_PROJECT_VERSION = 1;
				DEVELOPMENT_ASSET_PATHS = "\"FinalHrmiProjects/Preview Content\"";
				DEVELOPMENT_TEAM = "";
				ENABLE_PREVIEWS = YES;
				GENERATE_INFOPLIST_FILE = YES;
				INFOPLIST_FILE = FinalHrmiProjects/Info.plist;
				INFOPLIST_KEY_UIApplicationSceneManifest_Generation = YES;
				INFOPLIST_KEY_UIApplicationSupportsIndirectInputEvents = YES;
				INFOPLIST_KEY_UILaunchScreen_Generation = YES;
				INFOPLIST_KEY_UISupportedInterfaceOrientations_iPad = "UIInterfaceOrientationPortrait UIInterfaceOrientationPortraitUpsideDown UIInterfaceOrientationLandscapeLeft UIInterfaceOrientationLandscapeRight";
				INFOPLIST_KEY_UISupportedInterfaceOrientations_iPhone = "UIInterfaceOrientationPortrait UIInterfaceOrientationLandscapeLeft UIInterfaceOrientationLandscapeRight";
				LD_RUNPATH_SEARCH_PATHS = (
					"$(inherited)",
					"@executable_path/Frameworks",
				);
				MARKETING_VERSION = 1.0;
				PRODUCT_BUNDLE_IDENTIFIER = com.hrmi.FinalHrmiProjects;
				PRODUCT_NAME = "$(TARGET_NAME)";
				SWIFT_EMIT_LOC_STRINGS = YES;
				SWIFT_VERSION = 5.0;
				TARGETED_DEVICE_FAMILY = "1,2";
			};
			name = Debug;
		};
		B1B8FE892B5EA9DA00921BBE /* Release */ = {
			isa = XCBuildConfiguration;
			buildSettings = {
				ASSETCATALOG_COMPILER_APPICON_NAME = AppIcon;
				ASSETCATALOG_COMPILER_GLOBAL_ACCENT_COLOR_NAME = AccentColor;
				CODE_SIGN_STYLE = Automatic;
				CURRENT_PROJECT_VERSION = 1;
				DEVELOPMENT_ASSET_PATHS = "\"FinalHrmiProjects/Preview Content\"";
				DEVELOPMENT_TEAM = "";
				ENABLE_PREVIEWS = YES;
				GENERATE_INFOPLIST_FILE = YES;
				INFOPLIST_FILE = FinalHrmiProjects/Info.plist;
				INFOPLIST_KEY_UIApplicationSceneManifest_Generation = YES;
				INFOPLIST_KEY_UIApplicationSupportsIndirectInputEvents = YES;
				INFOPLIST_KEY_UILaunchScreen_Generation = YES;
				INFOPLIST_KEY_UISupportedInterfaceOrientations_iPad = "UIInterfaceOrientationPortrait UIInterfaceOrientationPortraitUpsideDown UIInterfaceOrientationLandscapeLeft UIInterfaceOrientationLandscapeRight";
				INFOPLIST_KEY_UISupportedInterfaceOrientations_iPhone = "UIInterfaceOrientationPortrait UIInterfaceOrientationLandscapeLeft UIInterfaceOrientationLandscapeRight";
				LD_RUNPATH_SEARCH_PATHS = (
					"$(inherited)",
					"@executable_path/Frameworks",
				);
				MARKETING_VERSION = 1.0;
				PRODUCT_BUNDLE_IDENTIFIER = com.hrmi.FinalHrmiProjects;
				PRODUCT_NAME = "$(TARGET_NAME)";
				SWIFT_EMIT_LOC_STRINGS = YES;
				SWIFT_VERSION = 5.0;
				TARGETED_DEVICE_FAMILY = "1,2";
			};
			name = Release;
		};
/* End XCBuildConfiguration section */

/* Begin XCConfigurationList section */
		B1B8FE742B5EA9D900921BBE /* Build configuration list for PBXProject "FinalHrmiProjects" */ = {
			isa = XCConfigurationList;
			buildConfigurations = (
				B1B8FE852B5EA9DA00921BBE /* Debug */,
				B1B8FE862B5EA9DA00921BBE /* Release */,
			);
			defaultConfigurationIsVisible = 0;
			defaultConfigurationName = Release;
		};
		B1B8FE872B5EA9DA00921BBE /* Build configuration list for PBXNativeTarget "FinalHrmiProjects" */ = {
			isa = XCConfigurationList;
			buildConfigurations = (
				B1B8FE882B5EA9DA00921BBE /* Debug */,
				B1B8FE892B5EA9DA00921BBE /* Release */,
			);
			defaultConfigurationIsVisible = 0;
			defaultConfigurationName = Release;
		};
/* End XCConfigurationList section */

/* Begin XCRemoteSwiftPackageReference section */
		B1EE24622B613EB1007F68B0 /* XCRemoteSwiftPackageReference "firebase-ios-sdk" */ = {
			isa = XCRemoteSwiftPackageReference;
			repositoryURL = "https://github.com/firebase/firebase-ios-sdk";
			requirement = {
				kind = upToNextMajorVersion;
				minimumVersion = 10.20.0;
			};
		};
/* End XCRemoteSwiftPackageReference section */

/* Begin XCSwiftPackageProductDependency section */
		B1EE24632B613EB1007F68B0 /* FirebaseAnalytics */ = {
			isa = XCSwiftPackageProductDependency;
			package = B1EE24622B613EB1007F68B0 /* XCRemoteSwiftPackageReference "firebase-ios-sdk" */;
			productName = FirebaseAnalytics;
		};
		B1EE24652B613EB1007F68B0 /* FirebaseAnalyticsOnDeviceConversion */ = {
			isa = XCSwiftPackageProductDependency;
			package = B1EE24622B613EB1007F68B0 /* XCRemoteSwiftPackageReference "firebase-ios-sdk" */;
			productName = FirebaseAnalyticsOnDeviceConversion;
		};
		B1EE24672B613EB1007F68B0 /* FirebaseAnalyticsSwift */ = {
			isa = XCSwiftPackageProductDependency;
			package = B1EE24622B613EB1007F68B0 /* XCRemoteSwiftPackageReference "firebase-ios-sdk" */;
			productName = FirebaseAnalyticsSwift;
		};
		B1EE24692B613EB1007F68B0 /* FirebaseAnalyticsWithoutAdIdSupport */ = {
			isa = XCSwiftPackageProductDependency;
			package = B1EE24622B613EB1007F68B0 /* XCRemoteSwiftPackageReference "firebase-ios-sdk" */;
			productName = FirebaseAnalyticsWithoutAdIdSupport;
		};
		B1EE246B2B613EB1007F68B0 /* FirebaseAppCheck */ = {
			isa = XCSwiftPackageProductDependency;
			package = B1EE24622B613EB1007F68B0 /* XCRemoteSwiftPackageReference "firebase-ios-sdk" */;
			productName = FirebaseAppCheck;
		};
/* End XCSwiftPackageProductDependency section */
	};
	rootObject = B1B8FE712B5EA9D900921BBE /* Project object */;
}
