// !$*UTF8*$!
{
	archiveVersion = 1;
	classes = {
	};
	objectVersion = 56;
	objects = {

/* Begin PBXBuildFile section */
		0902EB492B7E3372003D555E /* ProfileSettingView.swift in Sources */ = {isa = PBXBuildFile; fileRef = 0902EB482B7E3372003D555E /* ProfileSettingView.swift */; };
		0902EB4B2B7E4E72003D555E /* User.swift in Sources */ = {isa = PBXBuildFile; fileRef = 0902EB4A2B7E4E72003D555E /* User.swift */; };
		090FF1C72B80A0C600AF22B5 /* SplashView.swift in Sources */ = {isa = PBXBuildFile; fileRef = 090FF1C62B80A0C600AF22B5 /* SplashView.swift */; };
		090FF1CA2B82ED8400AF22B5 /* FirebaseStorage in Frameworks */ = {isa = PBXBuildFile; productRef = 090FF1C92B82ED8400AF22B5 /* FirebaseStorage */; };
		090FF1CE2B83413100AF22B5 /* CustomLoadingView.swift in Sources */ = {isa = PBXBuildFile; fileRef = 090FF1CD2B83413100AF22B5 /* CustomLoadingView.swift */; };
		090FF1D02B83436000AF22B5 /* View +.swift in Sources */ = {isa = PBXBuildFile; fileRef = 090FF1CF2B83436000AF22B5 /* View +.swift */; };
		09254CA72B637C9900569D94 /* CustomDivider.swift in Sources */ = {isa = PBXBuildFile; fileRef = 09254CA62B637C9900569D94 /* CustomDivider.swift */; };
		09394C4A2B74A49A0077F78B /* SuggestDrink.swift in Sources */ = {isa = PBXBuildFile; fileRef = AC6D12832B6A8D6100169B23 /* SuggestDrink.swift */; };
		09394C4B2B74A49A0077F78B /* PostOrLogin.swift in Sources */ = {isa = PBXBuildFile; fileRef = AC6D12852B6A8D7800169B23 /* PostOrLogin.swift */; };
		0961B7972B6624D300A9F553 /* DrinkInfoList.swift in Sources */ = {isa = PBXBuildFile; fileRef = 0961B7962B6624D300A9F553 /* DrinkInfoList.swift */; };
		0961B7992B6624DD00A9F553 /* DrinkInfoGrid.swift in Sources */ = {isa = PBXBuildFile; fileRef = 0961B7982B6624DD00A9F553 /* DrinkInfoGrid.swift */; };
		096E63182B616886009246CE /* DrinkListCell.swift in Sources */ = {isa = PBXBuildFile; fileRef = 096E63172B616886009246CE /* DrinkListCell.swift */; };
		096E631A2B616F31009246CE /* DrinkGridCell.swift in Sources */ = {isa = PBXBuildFile; fileRef = 096E63192B616F31009246CE /* DrinkGridCell.swift */; };
		0974A14D2B8B7B5000476199 /* GoogleService-Info.plist in Resources */ = {isa = PBXBuildFile; fileRef = 0974A14B2B8B7B4F00476199 /* GoogleService-Info.plist */; };
		0974A14E2B8B7B5000476199 /* APIKEYS.plist in Resources */ = {isa = PBXBuildFile; fileRef = 0974A14C2B8B7B5000476199 /* APIKEYS.plist */; };
		0974A1502B8B7B6C00476199 /* ShimmerPostCell.swift in Sources */ = {isa = PBXBuildFile; fileRef = 0974A14F2B8B7B6C00476199 /* ShimmerPostCell.swift */; };
		0999125C2B84654400E72C73 /* FirebaseCrashlytics in Frameworks */ = {isa = PBXBuildFile; productRef = 0999125B2B84654400E72C73 /* FirebaseCrashlytics */; };
		099912652B85799800E72C73 /* CircularLoaderView.swift in Sources */ = {isa = PBXBuildFile; fileRef = 099912642B85799800E72C73 /* CircularLoaderView.swift */; };
		099D9AA62B8720AC002261F7 /* Kingfisher in Frameworks */ = {isa = PBXBuildFile; productRef = 099D9AA52B8720AC002261F7 /* Kingfisher */; };
		099D9AAC2B8784BA002261F7 /* DrinkImageViewModel.swift in Sources */ = {isa = PBXBuildFile; fileRef = 099D9AAB2B8784BA002261F7 /* DrinkImageViewModel.swift */; };
		099F16192B750E7E00D8BEDA /* UINavigationController +.swift in Sources */ = {isa = PBXBuildFile; fileRef = 099F16182B750E7E00D8BEDA /* UINavigationController +.swift */; };
		099F161B2B75347100D8BEDA /* CheckBox.swift in Sources */ = {isa = PBXBuildFile; fileRef = 099F161A2B75347100D8BEDA /* CheckBox.swift */; };
		09A6AD722B70B46E00606585 /* AppViewModel.swift in Sources */ = {isa = PBXBuildFile; fileRef = 09A6AD712B70B46E00606585 /* AppViewModel.swift */; };
		09A6AD7A2B71F6D800606585 /* LibraryPhotosPicker.swift in Sources */ = {isa = PBXBuildFile; fileRef = 09A6AD792B71F6D800606585 /* LibraryPhotosPicker.swift */; };
		09A6AD7E2B72A53C00606585 /* Errors.swift in Sources */ = {isa = PBXBuildFile; fileRef = 09A6AD7D2B72A53C00606585 /* Errors.swift */; };
		09B4A0452B6E5DAE0082B235 /* PresentationDetent +.swift in Sources */ = {isa = PBXBuildFile; fileRef = 09B4A0442B6E5DAE0082B235 /* PresentationDetent +.swift */; };
		09BCC0B32B7A2BE600FF4D1B /* KoreanTastingNotes.swift in Sources */ = {isa = PBXBuildFile; fileRef = 09BCC0B22B7A2BE600FF4D1B /* KoreanTastingNotes.swift */; };
		09BCC1392B7B99D600FF4D1B /* AuthService.swift in Sources */ = {isa = PBXBuildFile; fileRef = 09BCC1382B7B99D600FF4D1B /* AuthService.swift */; };
		09BCC13C2B7B99FF00FF4D1B /* FirebaseAuth in Frameworks */ = {isa = PBXBuildFile; productRef = 09BCC13B2B7B99FF00FF4D1B /* FirebaseAuth */; };
		09BCC14F2B7C7E2900FF4D1B /* Loading.json in Resources */ = {isa = PBXBuildFile; fileRef = 09BCC1492B7C7E2900FF4D1B /* Loading.json */; };
		09BCC1502B7C7E2900FF4D1B /* Thunder.json in Resources */ = {isa = PBXBuildFile; fileRef = 09BCC14A2B7C7E2900FF4D1B /* Thunder.json */; };
		09BCC1512B7C7E2900FF4D1B /* Sun.json in Resources */ = {isa = PBXBuildFile; fileRef = 09BCC14B2B7C7E2900FF4D1B /* Sun.json */; };
		09BCC1522B7C7E2900FF4D1B /* Rain.json in Resources */ = {isa = PBXBuildFile; fileRef = 09BCC14C2B7C7E2900FF4D1B /* Rain.json */; };
		09BCC1532B7C7E2900FF4D1B /* Snow.json in Resources */ = {isa = PBXBuildFile; fileRef = 09BCC14D2B7C7E2900FF4D1B /* Snow.json */; };
		09BCC1542B7C7E2900FF4D1B /* Clouds.json in Resources */ = {isa = PBXBuildFile; fileRef = 09BCC14E2B7C7E2900FF4D1B /* Clouds.json */; };
		09BCC1582B7C805400FF4D1B /* UserAgreementView.swift in Sources */ = {isa = PBXBuildFile; fileRef = 09BCC1572B7C805400FF4D1B /* UserAgreementView.swift */; };
		09BCC15A2B7C8CD300FF4D1B /* IdentityVerificationView.swift in Sources */ = {isa = PBXBuildFile; fileRef = 09BCC1592B7C8CD300FF4D1B /* IdentityVerificationView.swift */; };
		09BCC15D2B7CF2CB00FF4D1B /* FirebaseFirestore in Frameworks */ = {isa = PBXBuildFile; productRef = 09BCC15C2B7CF2CB00FF4D1B /* FirebaseFirestore */; };
		09BCC15F2B7CFC7E00FF4D1B /* TermsAndVerificationView.swift in Sources */ = {isa = PBXBuildFile; fileRef = 09BCC15E2B7CFC7E00FF4D1B /* TermsAndVerificationView.swift */; };
		09F869932B68E36800A56A4C /* Formatter.swift in Sources */ = {isa = PBXBuildFile; fileRef = 09F869922B68E36800A56A4C /* Formatter.swift */; };
		09F869962B68E46500A56A4C /* DrinkDetailView.swift in Sources */ = {isa = PBXBuildFile; fileRef = 09F869952B68E46500A56A4C /* DrinkDetailView.swift */; };
		09F869982B68E48400A56A4C /* DrinkDetails.swift in Sources */ = {isa = PBXBuildFile; fileRef = 09F869972B68E48400A56A4C /* DrinkDetails.swift */; };
		09F8699A2B68E4B600A56A4C /* TastingNotes.swift in Sources */ = {isa = PBXBuildFile; fileRef = 09F869992B68E4B600A56A4C /* TastingNotes.swift */; };
		09F8699C2B68E4CA00A56A4C /* WellMatched.swift in Sources */ = {isa = PBXBuildFile; fileRef = 09F8699B2B68E4CA00A56A4C /* WellMatched.swift */; };
		09F8699E2B68E4E400A56A4C /* PeferenceChart.swift in Sources */ = {isa = PBXBuildFile; fileRef = 09F8699D2B68E4E400A56A4C /* PeferenceChart.swift */; };
		09F869A02B68E50000A56A4C /* TaggedTrendingPosts.swift in Sources */ = {isa = PBXBuildFile; fileRef = 09F8699F2B68E50000A56A4C /* TaggedTrendingPosts.swift */; };
		09F869A22B68E51600A56A4C /* PostListCell.swift in Sources */ = {isa = PBXBuildFile; fileRef = 09F869A12B68E51600A56A4C /* PostListCell.swift */; };
		09F869B52B6A47B700A56A4C /* AlarmStoreListCell.swift in Sources */ = {isa = PBXBuildFile; fileRef = 09F869B42B6A47B700A56A4C /* AlarmStoreListCell.swift */; };
		09F869B72B6A47C700A56A4C /* AlarmStoreView.swift in Sources */ = {isa = PBXBuildFile; fileRef = 09F869B62B6A47C700A56A4C /* AlarmStoreView.swift */; };
		09F869BB2B6A4A9C00A56A4C /* LikedDrinkList.swift in Sources */ = {isa = PBXBuildFile; fileRef = 09F869BA2B6A4A9C00A56A4C /* LikedDrinkList.swift */; };
		09F869BD2B6A4AAE00A56A4C /* LikedPostGrid.swift in Sources */ = {isa = PBXBuildFile; fileRef = 09F869BC2B6A4AAE00A56A4C /* LikedPostGrid.swift */; };
		2C2044E82B63B9D600773266 /* ContentView.swift in Sources */ = {isa = PBXBuildFile; fileRef = 2C2044E72B63B9D600773266 /* ContentView.swift */; };
		2C2AD4FD2B68891C00C681F4 /* SearchTagView.swift in Sources */ = {isa = PBXBuildFile; fileRef = 2C2AD4FC2B68891C00C681F4 /* SearchTagView.swift */; };
		2C2AD5012B689CA500C681F4 /* SelectedPhotoHorizontalScroll.swift in Sources */ = {isa = PBXBuildFile; fileRef = 2C2AD5002B689CA500C681F4 /* SelectedPhotoHorizontalScroll.swift */; };
		2C2AD5032B68A15E00C681F4 /* FoodTagAddTextField.swift in Sources */ = {isa = PBXBuildFile; fileRef = 2C2AD5022B68A15E00C681F4 /* FoodTagAddTextField.swift */; };
		2C2AD5052B68A1AF00C681F4 /* FoodTagVertical.swift in Sources */ = {isa = PBXBuildFile; fileRef = 2C2AD5042B68A1AF00C681F4 /* FoodTagVertical.swift */; };
		2C2AD5072B68A22A00C681F4 /* FoodTagXmarkButton.swift in Sources */ = {isa = PBXBuildFile; fileRef = 2C2AD5062B68A22A00C681F4 /* FoodTagXmarkButton.swift */; };
		2C2FF2982B63916700B2301A /* StarRating.swift in Sources */ = {isa = PBXBuildFile; fileRef = 2C2FF2972B63916700B2301A /* StarRating.swift */; };
		2C5B0F422B6B10CF005F1A99 /* CustomDialog.swift in Sources */ = {isa = PBXBuildFile; fileRef = 2C5B0F412B6B10CF005F1A99 /* CustomDialog.swift */; };
		2C63DD612B67D5EB00770E3A /* PhotoSelectPagingTab.swift in Sources */ = {isa = PBXBuildFile; fileRef = 2C63DD602B67D5EB00770E3A /* PhotoSelectPagingTab.swift */; };
		2C63DD652B67DFA400770E3A /* DrinkTagScroll.swift in Sources */ = {isa = PBXBuildFile; fileRef = 2C63DD642B67DFA400770E3A /* DrinkTagScroll.swift */; };
		2C63DD672B67EB1B00770E3A /* RecordView.swift in Sources */ = {isa = PBXBuildFile; fileRef = 2C63DD662B67EB1B00770E3A /* RecordView.swift */; };
		2C7FD5502B848E8500169512 /* DrinkLoading.json in Resources */ = {isa = PBXBuildFile; fileRef = 2C7FD54F2B848E8500169512 /* DrinkLoading.json */; };
		2C7FD5522B848EEF00169512 /* Post.swift in Sources */ = {isa = PBXBuildFile; fileRef = 2C7FD5512B848EEF00169512 /* Post.swift */; };
		7B5174922B69EAB300915793 /* NavigationPostsView.swift in Sources */ = {isa = PBXBuildFile; fileRef = 7B5174912B69EAB300915793 /* NavigationPostsView.swift */; };
		7B6D76A72B677A8F00601B55 /* Button.swift in Sources */ = {isa = PBXBuildFile; fileRef = 7B6D76A62B677A8F00601B55 /* Button.swift */; };
		7B6D76AB2B67CE3D00601B55 /* PostDetailView.swift in Sources */ = {isa = PBXBuildFile; fileRef = 7B6D76AA2B67CE3D00601B55 /* PostDetailView.swift */; };
		7B6D76AF2B67CFC900601B55 /* PostInfo.swift in Sources */ = {isa = PBXBuildFile; fileRef = 7B6D76AE2B67CFC900601B55 /* PostInfo.swift */; };
		7B6D76B12B67D1E100601B55 /* PostPhotoScroll.swift in Sources */ = {isa = PBXBuildFile; fileRef = 7B6D76B02B67D1E100601B55 /* PostPhotoScroll.swift */; };
		7B6D76B32B67D3B700601B55 /* PostDrinkRating.swift in Sources */ = {isa = PBXBuildFile; fileRef = 7B6D76B22B67D3B700601B55 /* PostDrinkRating.swift */; };
		7B6D76B52B67D5F900601B55 /* PostTags.swift in Sources */ = {isa = PBXBuildFile; fileRef = 7B6D76B42B67D5F900601B55 /* PostTags.swift */; };
		7B6D76B92B68D9C900601B55 /* PostReportView.swift in Sources */ = {isa = PBXBuildFile; fileRef = 7B6D76B82B68D9C900601B55 /* PostReportView.swift */; };
		7B904C662B6168C60052384A /* PostCell.swift in Sources */ = {isa = PBXBuildFile; fileRef = 7B904C652B6168C60052384A /* PostCell.swift */; };
		7B904C682B6184560052384A /* CustomTextSegment.swift in Sources */ = {isa = PBXBuildFile; fileRef = 7B904C672B6184560052384A /* CustomTextSegment.swift */; };
		7B92656B2B692E7200840095 /* PostReportTitle.swift in Sources */ = {isa = PBXBuildFile; fileRef = 7B92656A2B692E7200840095 /* PostReportTitle.swift */; };
		7B92656D2B692F0700840095 /* PostReportContent.swift in Sources */ = {isa = PBXBuildFile; fileRef = 7B92656C2B692F0700840095 /* PostReportContent.swift */; };
		7B92656F2B69303F00840095 /* PostReportButton.swift in Sources */ = {isa = PBXBuildFile; fileRef = 7B92656E2B69303F00840095 /* PostReportButton.swift */; };
		7B9265712B6941D000840095 /* PostReportToolbar.swift in Sources */ = {isa = PBXBuildFile; fileRef = 7B9265702B6941D000840095 /* PostReportToolbar.swift */; };
		7BBDFF6E2B6B90EB0036FB8B /* JUDAApp.swift in Sources */ = {isa = PBXBuildFile; fileRef = B1B8FE7C2B5EA9D900921BBE /* JUDAApp.swift */; };
		7BBDFF6F2B6B90EB0036FB8B /* AddTagView.swift in Sources */ = {isa = PBXBuildFile; fileRef = B1EE248B2B61446A007F68B0 /* AddTagView.swift */; };
		7BBDFF702B6B90EB0036FB8B /* PostGrid.swift in Sources */ = {isa = PBXBuildFile; fileRef = 7B6D76B62B68972000601B55 /* PostGrid.swift */; };
		7BBDFF712B6B90EB0036FB8B /* MainViewModel.swift in Sources */ = {isa = PBXBuildFile; fileRef = B1EE249F2B6144E3007F68B0 /* MainViewModel.swift */; };
		7BBDFF722B6B912C0036FB8B /* TabItem.swift in Sources */ = {isa = PBXBuildFile; fileRef = 2C63DD512B676E1000770E3A /* TabItem.swift */; };
		7BBDFF732B6B912C0036FB8B /* DrinkInfoSegment.swift in Sources */ = {isa = PBXBuildFile; fileRef = B16EB85B2B63859800E920A3 /* DrinkInfoSegment.swift */; };
		7BE14B952B84733900C1F6C3 /* Drink.swift in Sources */ = {isa = PBXBuildFile; fileRef = 7BE14B942B84733900C1F6C3 /* Drink.swift */; };
		7BE14B972B84767000C1F6C3 /* DrinkUploadViewModel.swift in Sources */ = {isa = PBXBuildFile; fileRef = 7BE14B962B84767000C1F6C3 /* DrinkUploadViewModel.swift */; };
		AC110B572B69658C005390BB /* ChangeUserNameView.swift in Sources */ = {isa = PBXBuildFile; fileRef = AC110B562B69658C005390BB /* ChangeUserNameView.swift */; };
		AC5778E52B6FC20C00F7B04B /* NavigationProfileView.swift in Sources */ = {isa = PBXBuildFile; fileRef = AC5778E42B6FC20C00F7B04B /* NavigationProfileView.swift */; };
		AC6D12882B6A8DD300169B23 /* TodayDrinkRecommended.swift in Sources */ = {isa = PBXBuildFile; fileRef = AC6D12872B6A8DD300169B23 /* TodayDrinkRecommended.swift */; };
		AC6D128A2B6A8ED100169B23 /* WeatherAndFood.swift in Sources */ = {isa = PBXBuildFile; fileRef = AC6D12892B6A8ED100169B23 /* WeatherAndFood.swift */; };
		AC98D1CD2B735765006F6EC9 /* Lottie in Frameworks */ = {isa = PBXBuildFile; productRef = AC98D1CC2B735765006F6EC9 /* Lottie */; };
		AC98D1CF2B7357DA006F6EC9 /* Lottie.swift in Sources */ = {isa = PBXBuildFile; fileRef = AC98D1CE2B7357DA006F6EC9 /* Lottie.swift */; };
		AC98D1D22B73586F006F6EC9 /* OpenAI in Frameworks */ = {isa = PBXBuildFile; productRef = AC98D1D12B73586F006F6EC9 /* OpenAI */; };
		AC98D1D42B7358AE006F6EC9 /* AiViewModel.swift in Sources */ = {isa = PBXBuildFile; fileRef = AC98D1D32B7358AE006F6EC9 /* AiViewModel.swift */; };
		AC98D1D82B7359CC006F6EC9 /* WeatherViewModel.swift in Sources */ = {isa = PBXBuildFile; fileRef = AC98D1D72B7359CC006F6EC9 /* WeatherViewModel.swift */; };
		B1198FA02B84EAF3002BE0DE /* unauthenticatedMypageView.swift in Sources */ = {isa = PBXBuildFile; fileRef = B1198F9F2B84EAF3002BE0DE /* unauthenticatedMypageView.swift */; };
		B121A5722B5F8EE100667D42 /* Font +.swift in Sources */ = {isa = PBXBuildFile; fileRef = B121A5712B5F8EE100667D42 /* Font +.swift */; };
		B121A5732B5F910900667D42 /* Pretendard-Bold.otf in Resources */ = {isa = PBXBuildFile; fileRef = B121A56C2B5F8D5D00667D42 /* Pretendard-Bold.otf */; };
		B121A5742B5F910B00667D42 /* Pretendard-Light.otf in Resources */ = {isa = PBXBuildFile; fileRef = B121A56D2B5F8D5D00667D42 /* Pretendard-Light.otf */; };
		B121A5752B5F911500667D42 /* Pretendard-Medium.otf in Resources */ = {isa = PBXBuildFile; fileRef = B121A56B2B5F8D5D00667D42 /* Pretendard-Medium.otf */; };
		B121A5762B5F911700667D42 /* Pretendard-Regular.otf in Resources */ = {isa = PBXBuildFile; fileRef = B121A5692B5F8D5D00667D42 /* Pretendard-Regular.otf */; };
		B121A5772B5F911900667D42 /* Pretendard-SemiBold.otf in Resources */ = {isa = PBXBuildFile; fileRef = B121A56A2B5F8D5D00667D42 /* Pretendard-SemiBold.otf */; };
		B121A5782B5F911A00667D42 /* Pretendard-Thin.otf in Resources */ = {isa = PBXBuildFile; fileRef = B121A56E2B5F8D5E00667D42 /* Pretendard-Thin.otf */; };
		B12330492B6A99B400DE2A93 /* SettingView.swift in Sources */ = {isa = PBXBuildFile; fileRef = B12330482B6A99B400DE2A93 /* SettingView.swift */; };
		B123304E2B6A9A0300DE2A93 /* UserProfileView.swift in Sources */ = {isa = PBXBuildFile; fileRef = B123304D2B6A9A0300DE2A93 /* UserProfileView.swift */; };
		B127A4222B64EB53001F005D /* CustomBottomSheet.swift in Sources */ = {isa = PBXBuildFile; fileRef = B127A4212B64EB53001F005D /* CustomBottomSheet.swift */; };
		B12BEE472B6A9E1000580D29 /* AppServiceInfoView.swift in Sources */ = {isa = PBXBuildFile; fileRef = B12BEE462B6A9E1000580D29 /* AppServiceInfoView.swift */; };
		B12BEE4B2B6A9E3B00580D29 /* NoticeView.swift in Sources */ = {isa = PBXBuildFile; fileRef = B12BEE4A2B6A9E3B00580D29 /* NoticeView.swift */; };
		B12BEE4F2B6B7BDA00580D29 /* Handler.swift in Sources */ = {isa = PBXBuildFile; fileRef = B12BEE4E2B6B7BDA00580D29 /* Handler.swift */; };
		B14957F12B86584D00870297 /* FirebaseAnalytics in Frameworks */ = {isa = PBXBuildFile; productRef = B14957F02B86584D00870297 /* FirebaseAnalytics */; };
		B14957F32B86584D00870297 /* FirebaseAnalyticsOnDeviceConversion in Frameworks */ = {isa = PBXBuildFile; productRef = B14957F22B86584D00870297 /* FirebaseAnalyticsOnDeviceConversion */; };
		B14957F52B86584D00870297 /* FirebaseAnalyticsSwift in Frameworks */ = {isa = PBXBuildFile; productRef = B14957F42B86584D00870297 /* FirebaseAnalyticsSwift */; };
		B14957F72B86584D00870297 /* FirebaseAnalyticsWithoutAdIdSupport in Frameworks */ = {isa = PBXBuildFile; productRef = B14957F62B86584D00870297 /* FirebaseAnalyticsWithoutAdIdSupport */; };
		B14957F92B86584D00870297 /* FirebaseAppCheck in Frameworks */ = {isa = PBXBuildFile; productRef = B14957F82B86584D00870297 /* FirebaseAppCheck */; };
		B14957FB2B86584D00870297 /* FirebaseAppDistribution-Beta in Frameworks */ = {isa = PBXBuildFile; productRef = B14957FA2B86584D00870297 /* FirebaseAppDistribution-Beta */; };
		B14957FD2B86584D00870297 /* FirebaseAuth in Frameworks */ = {isa = PBXBuildFile; productRef = B14957FC2B86584D00870297 /* FirebaseAuth */; };
		B14957FF2B86584D00870297 /* FirebaseAuthCombine-Community in Frameworks */ = {isa = PBXBuildFile; productRef = B14957FE2B86584D00870297 /* FirebaseAuthCombine-Community */; };
		B14958012B86584D00870297 /* FirebaseCrashlytics in Frameworks */ = {isa = PBXBuildFile; productRef = B14958002B86584D00870297 /* FirebaseCrashlytics */; };
		B14958032B86584D00870297 /* FirebaseDatabase in Frameworks */ = {isa = PBXBuildFile; productRef = B14958022B86584D00870297 /* FirebaseDatabase */; };
		B14958052B86590400870297 /* OpenAI in Frameworks */ = {isa = PBXBuildFile; productRef = B14958042B86590400870297 /* OpenAI */; };
		B14958072B86593C00870297 /* Lottie in Frameworks */ = {isa = PBXBuildFile; productRef = B14958062B86593C00870297 /* Lottie */; };
		B158F83F2B657A9000E33C47 /* Theme.swift in Sources */ = {isa = PBXBuildFile; fileRef = B158F83E2B657A9000E33C47 /* Theme.swift */; };
		B1B8FE812B5EA9DA00921BBE /* Assets.xcassets in Resources */ = {isa = PBXBuildFile; fileRef = B1B8FE802B5EA9DA00921BBE /* Assets.xcassets */; };
		B1B8FE842B5EA9DA00921BBE /* Preview Assets.xcassets in Resources */ = {isa = PBXBuildFile; fileRef = B1B8FE832B5EA9DA00921BBE /* Preview Assets.xcassets */; };
		B1B8FE8D2B5EAAAB00921BBE /* Colors.xcassets in Resources */ = {isa = PBXBuildFile; fileRef = B1B8FE8C2B5EAAAB00921BBE /* Colors.xcassets */; };
		B1CF61212B83763000B59447 /* FirebaseFirestore in Frameworks */ = {isa = PBXBuildFile; productRef = ACCFECBB2B7FAA50009E5E9C /* FirebaseFirestore */; };
		B1EE24642B613EB1007F68B0 /* FirebaseAnalytics in Frameworks */ = {isa = PBXBuildFile; productRef = B1EE24632B613EB1007F68B0 /* FirebaseAnalytics */; };
		B1EE24662B613EB1007F68B0 /* FirebaseAnalyticsOnDeviceConversion in Frameworks */ = {isa = PBXBuildFile; productRef = B1EE24652B613EB1007F68B0 /* FirebaseAnalyticsOnDeviceConversion */; };
		B1EE24682B613EB1007F68B0 /* FirebaseAnalyticsSwift in Frameworks */ = {isa = PBXBuildFile; productRef = B1EE24672B613EB1007F68B0 /* FirebaseAnalyticsSwift */; };
		B1EE246A2B613EB1007F68B0 /* FirebaseAnalyticsWithoutAdIdSupport in Frameworks */ = {isa = PBXBuildFile; productRef = B1EE24692B613EB1007F68B0 /* FirebaseAnalyticsWithoutAdIdSupport */; };
		B1EE24882B61445E007F68B0 /* MypageView.swift in Sources */ = {isa = PBXBuildFile; fileRef = B1EE24872B61445E007F68B0 /* MypageView.swift */; };
		B1EE248A2B614464007F68B0 /* LikedView.swift in Sources */ = {isa = PBXBuildFile; fileRef = B1EE24892B614464007F68B0 /* LikedView.swift */; };
		B1EE248E2B614470007F68B0 /* PostsView.swift in Sources */ = {isa = PBXBuildFile; fileRef = B1EE248D2B614470007F68B0 /* PostsView.swift */; };
		B1EE24902B614477007F68B0 /* DrinkInfoView.swift in Sources */ = {isa = PBXBuildFile; fileRef = B1EE248F2B614477007F68B0 /* DrinkInfoView.swift */; };
		B1EE24922B61447F007F68B0 /* MainView.swift in Sources */ = {isa = PBXBuildFile; fileRef = B1EE24912B61447F007F68B0 /* MainView.swift */; };
		B1EE24942B614485007F68B0 /* LogInView.swift in Sources */ = {isa = PBXBuildFile; fileRef = B1EE24932B614485007F68B0 /* LogInView.swift */; };
		B1EE24962B6144A5007F68B0 /* MypageViewModel.swift in Sources */ = {isa = PBXBuildFile; fileRef = B1EE24952B6144A5007F68B0 /* MypageViewModel.swift */; };
		B1EE24982B6144BD007F68B0 /* LikedViewModel.swift in Sources */ = {isa = PBXBuildFile; fileRef = B1EE24972B6144BD007F68B0 /* LikedViewModel.swift */; };
		B1EE249A2B6144C5007F68B0 /* RecordViewModel.swift in Sources */ = {isa = PBXBuildFile; fileRef = B1EE24992B6144C5007F68B0 /* RecordViewModel.swift */; };
		B1EE249C2B6144CD007F68B0 /* PostsViewModel.swift in Sources */ = {isa = PBXBuildFile; fileRef = B1EE249B2B6144CD007F68B0 /* PostsViewModel.swift */; };
		B1EE249E2B6144DD007F68B0 /* DrinkViewModel.swift in Sources */ = {isa = PBXBuildFile; fileRef = B1EE249D2B6144DD007F68B0 /* DrinkViewModel.swift */; };
		B1EE24A22B6144EA007F68B0 /* LogInViewModel.swift in Sources */ = {isa = PBXBuildFile; fileRef = B1EE24A12B6144EA007F68B0 /* LogInViewModel.swift */; };
		B1EE24A52B614872007F68B0 /* SearchBar.swift in Sources */ = {isa = PBXBuildFile; fileRef = B1EE24A42B614872007F68B0 /* SearchBar.swift */; };
/* End PBXBuildFile section */

/* Begin PBXFileReference section */
		0902EB482B7E3372003D555E /* ProfileSettingView.swift */ = {isa = PBXFileReference; lastKnownFileType = sourcecode.swift; path = ProfileSettingView.swift; sourceTree = "<group>"; };
		0902EB4A2B7E4E72003D555E /* User.swift */ = {isa = PBXFileReference; lastKnownFileType = sourcecode.swift; path = User.swift; sourceTree = "<group>"; };
		090FF1C62B80A0C600AF22B5 /* SplashView.swift */ = {isa = PBXFileReference; lastKnownFileType = sourcecode.swift; path = SplashView.swift; sourceTree = "<group>"; };
		090FF1CD2B83413100AF22B5 /* CustomLoadingView.swift */ = {isa = PBXFileReference; lastKnownFileType = sourcecode.swift; path = CustomLoadingView.swift; sourceTree = "<group>"; };
		090FF1CF2B83436000AF22B5 /* View +.swift */ = {isa = PBXFileReference; lastKnownFileType = sourcecode.swift; path = "View +.swift"; sourceTree = "<group>"; };
		09254CA62B637C9900569D94 /* CustomDivider.swift */ = {isa = PBXFileReference; lastKnownFileType = sourcecode.swift; path = CustomDivider.swift; sourceTree = "<group>"; };
		0961B7962B6624D300A9F553 /* DrinkInfoList.swift */ = {isa = PBXFileReference; lastKnownFileType = sourcecode.swift; path = DrinkInfoList.swift; sourceTree = "<group>"; };
		0961B7982B6624DD00A9F553 /* DrinkInfoGrid.swift */ = {isa = PBXFileReference; lastKnownFileType = sourcecode.swift; path = DrinkInfoGrid.swift; sourceTree = "<group>"; };
		096E63172B616886009246CE /* DrinkListCell.swift */ = {isa = PBXFileReference; lastKnownFileType = sourcecode.swift; path = DrinkListCell.swift; sourceTree = "<group>"; };
		096E63192B616F31009246CE /* DrinkGridCell.swift */ = {isa = PBXFileReference; lastKnownFileType = sourcecode.swift; path = DrinkGridCell.swift; sourceTree = "<group>"; };
		0974A14A2B8B787E00476199 /* JUDA.app */ = {isa = PBXFileReference; explicitFileType = wrapper.application; includeInIndex = 0; path = JUDA.app; sourceTree = BUILT_PRODUCTS_DIR; };
		0974A14B2B8B7B4F00476199 /* GoogleService-Info.plist */ = {isa = PBXFileReference; fileEncoding = 4; lastKnownFileType = text.plist.xml; name = "GoogleService-Info.plist"; path = "../../흐르미/GoogleService-Info.plist"; sourceTree = "<group>"; };
		0974A14C2B8B7B5000476199 /* APIKEYS.plist */ = {isa = PBXFileReference; fileEncoding = 4; lastKnownFileType = text.plist.xml; name = APIKEYS.plist; path = "../../흐르미/APIKEYS.plist"; sourceTree = "<group>"; };
		0974A14F2B8B7B6C00476199 /* ShimmerPostCell.swift */ = {isa = PBXFileReference; lastKnownFileType = sourcecode.swift; path = ShimmerPostCell.swift; sourceTree = "<group>"; };
		099912642B85799800E72C73 /* CircularLoaderView.swift */ = {isa = PBXFileReference; lastKnownFileType = sourcecode.swift; path = CircularLoaderView.swift; sourceTree = "<group>"; };
		099D9AAB2B8784BA002261F7 /* DrinkImageViewModel.swift */ = {isa = PBXFileReference; lastKnownFileType = sourcecode.swift; path = DrinkImageViewModel.swift; sourceTree = "<group>"; };
		099F16182B750E7E00D8BEDA /* UINavigationController +.swift */ = {isa = PBXFileReference; lastKnownFileType = sourcecode.swift; path = "UINavigationController +.swift"; sourceTree = "<group>"; };
		099F161A2B75347100D8BEDA /* CheckBox.swift */ = {isa = PBXFileReference; lastKnownFileType = sourcecode.swift; path = CheckBox.swift; sourceTree = "<group>"; };
		09A6AD712B70B46E00606585 /* AppViewModel.swift */ = {isa = PBXFileReference; lastKnownFileType = sourcecode.swift; path = AppViewModel.swift; sourceTree = "<group>"; };
		09A6AD792B71F6D800606585 /* LibraryPhotosPicker.swift */ = {isa = PBXFileReference; lastKnownFileType = sourcecode.swift; path = LibraryPhotosPicker.swift; sourceTree = "<group>"; };
		09A6AD7D2B72A53C00606585 /* Errors.swift */ = {isa = PBXFileReference; lastKnownFileType = sourcecode.swift; path = Errors.swift; sourceTree = "<group>"; };
		09B4A0442B6E5DAE0082B235 /* PresentationDetent +.swift */ = {isa = PBXFileReference; lastKnownFileType = sourcecode.swift; path = "PresentationDetent +.swift"; sourceTree = "<group>"; };
		09BCC0B22B7A2BE600FF4D1B /* KoreanTastingNotes.swift */ = {isa = PBXFileReference; lastKnownFileType = sourcecode.swift; path = KoreanTastingNotes.swift; sourceTree = "<group>"; };
		09BCC1352B7B956A00FF4D1B /* JUDA.entitlements */ = {isa = PBXFileReference; lastKnownFileType = text.plist.entitlements; path = JUDA.entitlements; sourceTree = "<group>"; };
		09BCC1382B7B99D600FF4D1B /* AuthService.swift */ = {isa = PBXFileReference; lastKnownFileType = sourcecode.swift; path = AuthService.swift; sourceTree = "<group>"; };
		09BCC1492B7C7E2900FF4D1B /* Loading.json */ = {isa = PBXFileReference; fileEncoding = 4; lastKnownFileType = text.json; path = Loading.json; sourceTree = "<group>"; };
		09BCC14A2B7C7E2900FF4D1B /* Thunder.json */ = {isa = PBXFileReference; fileEncoding = 4; lastKnownFileType = text.json; path = Thunder.json; sourceTree = "<group>"; };
		09BCC14B2B7C7E2900FF4D1B /* Sun.json */ = {isa = PBXFileReference; fileEncoding = 4; lastKnownFileType = text.json; path = Sun.json; sourceTree = "<group>"; };
		09BCC14C2B7C7E2900FF4D1B /* Rain.json */ = {isa = PBXFileReference; fileEncoding = 4; lastKnownFileType = text.json; path = Rain.json; sourceTree = "<group>"; };
		09BCC14D2B7C7E2900FF4D1B /* Snow.json */ = {isa = PBXFileReference; fileEncoding = 4; lastKnownFileType = text.json; path = Snow.json; sourceTree = "<group>"; };
		09BCC14E2B7C7E2900FF4D1B /* Clouds.json */ = {isa = PBXFileReference; fileEncoding = 4; lastKnownFileType = text.json; path = Clouds.json; sourceTree = "<group>"; };
		09BCC1572B7C805400FF4D1B /* UserAgreementView.swift */ = {isa = PBXFileReference; lastKnownFileType = sourcecode.swift; path = UserAgreementView.swift; sourceTree = "<group>"; };
		09BCC1592B7C8CD300FF4D1B /* IdentityVerificationView.swift */ = {isa = PBXFileReference; lastKnownFileType = sourcecode.swift; path = IdentityVerificationView.swift; sourceTree = "<group>"; };
		09BCC15E2B7CFC7E00FF4D1B /* TermsAndVerificationView.swift */ = {isa = PBXFileReference; lastKnownFileType = sourcecode.swift; path = TermsAndVerificationView.swift; sourceTree = "<group>"; };
		09F869922B68E36800A56A4C /* Formatter.swift */ = {isa = PBXFileReference; lastKnownFileType = sourcecode.swift; path = Formatter.swift; sourceTree = "<group>"; };
		09F869952B68E46500A56A4C /* DrinkDetailView.swift */ = {isa = PBXFileReference; lastKnownFileType = sourcecode.swift; path = DrinkDetailView.swift; sourceTree = "<group>"; };
		09F869972B68E48400A56A4C /* DrinkDetails.swift */ = {isa = PBXFileReference; lastKnownFileType = sourcecode.swift; path = DrinkDetails.swift; sourceTree = "<group>"; };
		09F869992B68E4B600A56A4C /* TastingNotes.swift */ = {isa = PBXFileReference; lastKnownFileType = sourcecode.swift; path = TastingNotes.swift; sourceTree = "<group>"; };
		09F8699B2B68E4CA00A56A4C /* WellMatched.swift */ = {isa = PBXFileReference; lastKnownFileType = sourcecode.swift; path = WellMatched.swift; sourceTree = "<group>"; };
		09F8699D2B68E4E400A56A4C /* PeferenceChart.swift */ = {isa = PBXFileReference; lastKnownFileType = sourcecode.swift; path = PeferenceChart.swift; sourceTree = "<group>"; };
		09F8699F2B68E50000A56A4C /* TaggedTrendingPosts.swift */ = {isa = PBXFileReference; lastKnownFileType = sourcecode.swift; path = TaggedTrendingPosts.swift; sourceTree = "<group>"; };
		09F869A12B68E51600A56A4C /* PostListCell.swift */ = {isa = PBXFileReference; lastKnownFileType = sourcecode.swift; path = PostListCell.swift; sourceTree = "<group>"; };
		09F869B42B6A47B700A56A4C /* AlarmStoreListCell.swift */ = {isa = PBXFileReference; lastKnownFileType = sourcecode.swift; path = AlarmStoreListCell.swift; sourceTree = "<group>"; };
		09F869B62B6A47C700A56A4C /* AlarmStoreView.swift */ = {isa = PBXFileReference; lastKnownFileType = sourcecode.swift; path = AlarmStoreView.swift; sourceTree = "<group>"; };
		09F869BA2B6A4A9C00A56A4C /* LikedDrinkList.swift */ = {isa = PBXFileReference; lastKnownFileType = sourcecode.swift; path = LikedDrinkList.swift; sourceTree = "<group>"; };
		09F869BC2B6A4AAE00A56A4C /* LikedPostGrid.swift */ = {isa = PBXFileReference; lastKnownFileType = sourcecode.swift; path = LikedPostGrid.swift; sourceTree = "<group>"; };
		2C2044E72B63B9D600773266 /* ContentView.swift */ = {isa = PBXFileReference; lastKnownFileType = sourcecode.swift; path = ContentView.swift; sourceTree = "<group>"; };
		2C2AD4FC2B68891C00C681F4 /* SearchTagView.swift */ = {isa = PBXFileReference; lastKnownFileType = sourcecode.swift; path = SearchTagView.swift; sourceTree = "<group>"; };
		2C2AD5002B689CA500C681F4 /* SelectedPhotoHorizontalScroll.swift */ = {isa = PBXFileReference; lastKnownFileType = sourcecode.swift; path = SelectedPhotoHorizontalScroll.swift; sourceTree = "<group>"; };
		2C2AD5022B68A15E00C681F4 /* FoodTagAddTextField.swift */ = {isa = PBXFileReference; lastKnownFileType = sourcecode.swift; path = FoodTagAddTextField.swift; sourceTree = "<group>"; };
		2C2AD5042B68A1AF00C681F4 /* FoodTagVertical.swift */ = {isa = PBXFileReference; lastKnownFileType = sourcecode.swift; path = FoodTagVertical.swift; sourceTree = "<group>"; };
		2C2AD5062B68A22A00C681F4 /* FoodTagXmarkButton.swift */ = {isa = PBXFileReference; lastKnownFileType = sourcecode.swift; path = FoodTagXmarkButton.swift; sourceTree = "<group>"; };
		2C2FF2972B63916700B2301A /* StarRating.swift */ = {isa = PBXFileReference; lastKnownFileType = sourcecode.swift; path = StarRating.swift; sourceTree = "<group>"; };
		2C5B0F412B6B10CF005F1A99 /* CustomDialog.swift */ = {isa = PBXFileReference; lastKnownFileType = sourcecode.swift; path = CustomDialog.swift; sourceTree = "<group>"; };
		2C63DD512B676E1000770E3A /* TabItem.swift */ = {isa = PBXFileReference; lastKnownFileType = sourcecode.swift; path = TabItem.swift; sourceTree = "<group>"; };
		2C63DD602B67D5EB00770E3A /* PhotoSelectPagingTab.swift */ = {isa = PBXFileReference; lastKnownFileType = sourcecode.swift; path = PhotoSelectPagingTab.swift; sourceTree = "<group>"; };
		2C63DD642B67DFA400770E3A /* DrinkTagScroll.swift */ = {isa = PBXFileReference; lastKnownFileType = sourcecode.swift; path = DrinkTagScroll.swift; sourceTree = "<group>"; };
		2C63DD662B67EB1B00770E3A /* RecordView.swift */ = {isa = PBXFileReference; lastKnownFileType = sourcecode.swift; path = RecordView.swift; sourceTree = "<group>"; };
		2C7FD54F2B848E8500169512 /* DrinkLoading.json */ = {isa = PBXFileReference; fileEncoding = 4; lastKnownFileType = text.json; path = DrinkLoading.json; sourceTree = "<group>"; };
		2C7FD5512B848EEF00169512 /* Post.swift */ = {isa = PBXFileReference; lastKnownFileType = sourcecode.swift; path = Post.swift; sourceTree = "<group>"; };
		7B5174912B69EAB300915793 /* NavigationPostsView.swift */ = {isa = PBXFileReference; lastKnownFileType = sourcecode.swift; path = NavigationPostsView.swift; sourceTree = "<group>"; };
		7B6D76A62B677A8F00601B55 /* Button.swift */ = {isa = PBXFileReference; lastKnownFileType = sourcecode.swift; path = Button.swift; sourceTree = "<group>"; };
		7B6D76AA2B67CE3D00601B55 /* PostDetailView.swift */ = {isa = PBXFileReference; lastKnownFileType = sourcecode.swift; path = PostDetailView.swift; sourceTree = "<group>"; };
		7B6D76AE2B67CFC900601B55 /* PostInfo.swift */ = {isa = PBXFileReference; lastKnownFileType = sourcecode.swift; path = PostInfo.swift; sourceTree = "<group>"; };
		7B6D76B02B67D1E100601B55 /* PostPhotoScroll.swift */ = {isa = PBXFileReference; lastKnownFileType = sourcecode.swift; path = PostPhotoScroll.swift; sourceTree = "<group>"; };
		7B6D76B22B67D3B700601B55 /* PostDrinkRating.swift */ = {isa = PBXFileReference; lastKnownFileType = sourcecode.swift; path = PostDrinkRating.swift; sourceTree = "<group>"; };
		7B6D76B42B67D5F900601B55 /* PostTags.swift */ = {isa = PBXFileReference; lastKnownFileType = sourcecode.swift; path = PostTags.swift; sourceTree = "<group>"; };
		7B6D76B62B68972000601B55 /* PostGrid.swift */ = {isa = PBXFileReference; lastKnownFileType = sourcecode.swift; path = PostGrid.swift; sourceTree = "<group>"; };
		7B6D76B82B68D9C900601B55 /* PostReportView.swift */ = {isa = PBXFileReference; lastKnownFileType = sourcecode.swift; path = PostReportView.swift; sourceTree = "<group>"; };
		7B904C652B6168C60052384A /* PostCell.swift */ = {isa = PBXFileReference; lastKnownFileType = sourcecode.swift; path = PostCell.swift; sourceTree = "<group>"; };
		7B904C672B6184560052384A /* CustomTextSegment.swift */ = {isa = PBXFileReference; lastKnownFileType = sourcecode.swift; path = CustomTextSegment.swift; sourceTree = "<group>"; };
		7B92656A2B692E7200840095 /* PostReportTitle.swift */ = {isa = PBXFileReference; lastKnownFileType = sourcecode.swift; path = PostReportTitle.swift; sourceTree = "<group>"; };
		7B92656C2B692F0700840095 /* PostReportContent.swift */ = {isa = PBXFileReference; lastKnownFileType = sourcecode.swift; path = PostReportContent.swift; sourceTree = "<group>"; };
		7B92656E2B69303F00840095 /* PostReportButton.swift */ = {isa = PBXFileReference; lastKnownFileType = sourcecode.swift; path = PostReportButton.swift; sourceTree = "<group>"; };
		7B9265702B6941D000840095 /* PostReportToolbar.swift */ = {isa = PBXFileReference; lastKnownFileType = sourcecode.swift; path = PostReportToolbar.swift; sourceTree = "<group>"; };
		7BE14B942B84733900C1F6C3 /* Drink.swift */ = {isa = PBXFileReference; lastKnownFileType = sourcecode.swift; path = Drink.swift; sourceTree = "<group>"; };
		7BE14B962B84767000C1F6C3 /* DrinkUploadViewModel.swift */ = {isa = PBXFileReference; lastKnownFileType = sourcecode.swift; path = DrinkUploadViewModel.swift; sourceTree = "<group>"; };
		AC110B562B69658C005390BB /* ChangeUserNameView.swift */ = {isa = PBXFileReference; lastKnownFileType = sourcecode.swift; path = ChangeUserNameView.swift; sourceTree = "<group>"; };
		AC5778E42B6FC20C00F7B04B /* NavigationProfileView.swift */ = {isa = PBXFileReference; lastKnownFileType = sourcecode.swift; path = NavigationProfileView.swift; sourceTree = "<group>"; };
		AC6D12832B6A8D6100169B23 /* SuggestDrink.swift */ = {isa = PBXFileReference; lastKnownFileType = sourcecode.swift; path = SuggestDrink.swift; sourceTree = "<group>"; };
		AC6D12852B6A8D7800169B23 /* PostOrLogin.swift */ = {isa = PBXFileReference; lastKnownFileType = sourcecode.swift; path = PostOrLogin.swift; sourceTree = "<group>"; };
		AC6D12872B6A8DD300169B23 /* TodayDrinkRecommended.swift */ = {isa = PBXFileReference; lastKnownFileType = sourcecode.swift; path = TodayDrinkRecommended.swift; sourceTree = "<group>"; };
		AC6D12892B6A8ED100169B23 /* WeatherAndFood.swift */ = {isa = PBXFileReference; lastKnownFileType = sourcecode.swift; path = WeatherAndFood.swift; sourceTree = "<group>"; };
		AC98D1CE2B7357DA006F6EC9 /* Lottie.swift */ = {isa = PBXFileReference; lastKnownFileType = sourcecode.swift; path = Lottie.swift; sourceTree = "<group>"; };
		AC98D1D32B7358AE006F6EC9 /* AiViewModel.swift */ = {isa = PBXFileReference; lastKnownFileType = sourcecode.swift; path = AiViewModel.swift; sourceTree = "<group>"; };
		AC98D1D72B7359CC006F6EC9 /* WeatherViewModel.swift */ = {isa = PBXFileReference; lastKnownFileType = sourcecode.swift; path = WeatherViewModel.swift; sourceTree = "<group>"; };
		B1198F9F2B84EAF3002BE0DE /* unauthenticatedMypageView.swift */ = {isa = PBXFileReference; lastKnownFileType = sourcecode.swift; path = unauthenticatedMypageView.swift; sourceTree = "<group>"; };
		B121A5692B5F8D5D00667D42 /* Pretendard-Regular.otf */ = {isa = PBXFileReference; lastKnownFileType = file; path = "Pretendard-Regular.otf"; sourceTree = "<group>"; };
		B121A56A2B5F8D5D00667D42 /* Pretendard-SemiBold.otf */ = {isa = PBXFileReference; lastKnownFileType = file; path = "Pretendard-SemiBold.otf"; sourceTree = "<group>"; };
		B121A56B2B5F8D5D00667D42 /* Pretendard-Medium.otf */ = {isa = PBXFileReference; lastKnownFileType = file; path = "Pretendard-Medium.otf"; sourceTree = "<group>"; };
		B121A56C2B5F8D5D00667D42 /* Pretendard-Bold.otf */ = {isa = PBXFileReference; lastKnownFileType = file; path = "Pretendard-Bold.otf"; sourceTree = "<group>"; };
		B121A56D2B5F8D5D00667D42 /* Pretendard-Light.otf */ = {isa = PBXFileReference; lastKnownFileType = file; path = "Pretendard-Light.otf"; sourceTree = "<group>"; };
		B121A56E2B5F8D5E00667D42 /* Pretendard-Thin.otf */ = {isa = PBXFileReference; lastKnownFileType = file; path = "Pretendard-Thin.otf"; sourceTree = "<group>"; };
		B121A56F2B5F8DA100667D42 /* Info.plist */ = {isa = PBXFileReference; lastKnownFileType = text.plist; path = Info.plist; sourceTree = "<group>"; };
		B121A5712B5F8EE100667D42 /* Font +.swift */ = {isa = PBXFileReference; lastKnownFileType = sourcecode.swift; path = "Font +.swift"; sourceTree = "<group>"; };
		B12330482B6A99B400DE2A93 /* SettingView.swift */ = {isa = PBXFileReference; lastKnownFileType = sourcecode.swift; path = SettingView.swift; sourceTree = "<group>"; };
		B123304D2B6A9A0300DE2A93 /* UserProfileView.swift */ = {isa = PBXFileReference; lastKnownFileType = sourcecode.swift; path = UserProfileView.swift; sourceTree = "<group>"; };
		B127A4212B64EB53001F005D /* CustomBottomSheet.swift */ = {isa = PBXFileReference; lastKnownFileType = sourcecode.swift; path = CustomBottomSheet.swift; sourceTree = "<group>"; };
		B12BEE462B6A9E1000580D29 /* AppServiceInfoView.swift */ = {isa = PBXFileReference; lastKnownFileType = sourcecode.swift; path = AppServiceInfoView.swift; sourceTree = "<group>"; };
		B12BEE4A2B6A9E3B00580D29 /* NoticeView.swift */ = {isa = PBXFileReference; lastKnownFileType = sourcecode.swift; path = NoticeView.swift; sourceTree = "<group>"; };
		B12BEE4E2B6B7BDA00580D29 /* Handler.swift */ = {isa = PBXFileReference; lastKnownFileType = sourcecode.swift; path = Handler.swift; sourceTree = "<group>"; };
		B158F83E2B657A9000E33C47 /* Theme.swift */ = {isa = PBXFileReference; lastKnownFileType = sourcecode.swift; path = Theme.swift; sourceTree = "<group>"; };
		B16EB85B2B63859800E920A3 /* DrinkInfoSegment.swift */ = {isa = PBXFileReference; lastKnownFileType = sourcecode.swift; path = DrinkInfoSegment.swift; sourceTree = "<group>"; };
		B1B8FE7C2B5EA9D900921BBE /* JUDAApp.swift */ = {isa = PBXFileReference; lastKnownFileType = sourcecode.swift; path = JUDAApp.swift; sourceTree = "<group>"; };
		B1B8FE802B5EA9DA00921BBE /* Assets.xcassets */ = {isa = PBXFileReference; lastKnownFileType = folder.assetcatalog; path = Assets.xcassets; sourceTree = "<group>"; };
		B1B8FE832B5EA9DA00921BBE /* Preview Assets.xcassets */ = {isa = PBXFileReference; lastKnownFileType = folder.assetcatalog; path = "Preview Assets.xcassets"; sourceTree = "<group>"; };
		B1B8FE8C2B5EAAAB00921BBE /* Colors.xcassets */ = {isa = PBXFileReference; lastKnownFileType = folder.assetcatalog; path = Colors.xcassets; sourceTree = "<group>"; };
		B1EE24722B61431A007F68B0 /* DummyModel.swift */ = {isa = PBXFileReference; lastKnownFileType = sourcecode.swift; path = DummyModel.swift; sourceTree = "<group>"; };
		B1EE24872B61445E007F68B0 /* MypageView.swift */ = {isa = PBXFileReference; lastKnownFileType = sourcecode.swift; path = MypageView.swift; sourceTree = "<group>"; };
		B1EE24892B614464007F68B0 /* LikedView.swift */ = {isa = PBXFileReference; lastKnownFileType = sourcecode.swift; path = LikedView.swift; sourceTree = "<group>"; };
		B1EE248B2B61446A007F68B0 /* AddTagView.swift */ = {isa = PBXFileReference; lastKnownFileType = sourcecode.swift; path = AddTagView.swift; sourceTree = "<group>"; };
		B1EE248D2B614470007F68B0 /* PostsView.swift */ = {isa = PBXFileReference; lastKnownFileType = sourcecode.swift; path = PostsView.swift; sourceTree = "<group>"; };
		B1EE248F2B614477007F68B0 /* DrinkInfoView.swift */ = {isa = PBXFileReference; lastKnownFileType = sourcecode.swift; path = DrinkInfoView.swift; sourceTree = "<group>"; };
		B1EE24912B61447F007F68B0 /* MainView.swift */ = {isa = PBXFileReference; lastKnownFileType = sourcecode.swift; path = MainView.swift; sourceTree = "<group>"; };
		B1EE24932B614485007F68B0 /* LogInView.swift */ = {isa = PBXFileReference; lastKnownFileType = sourcecode.swift; path = LogInView.swift; sourceTree = "<group>"; };
		B1EE24952B6144A5007F68B0 /* MypageViewModel.swift */ = {isa = PBXFileReference; lastKnownFileType = sourcecode.swift; path = MypageViewModel.swift; sourceTree = "<group>"; };
		B1EE24972B6144BD007F68B0 /* LikedViewModel.swift */ = {isa = PBXFileReference; lastKnownFileType = sourcecode.swift; path = LikedViewModel.swift; sourceTree = "<group>"; };
		B1EE24992B6144C5007F68B0 /* RecordViewModel.swift */ = {isa = PBXFileReference; lastKnownFileType = sourcecode.swift; path = RecordViewModel.swift; sourceTree = "<group>"; };
		B1EE249B2B6144CD007F68B0 /* PostsViewModel.swift */ = {isa = PBXFileReference; lastKnownFileType = sourcecode.swift; path = PostsViewModel.swift; sourceTree = "<group>"; };
		B1EE249D2B6144DD007F68B0 /* DrinkViewModel.swift */ = {isa = PBXFileReference; lastKnownFileType = sourcecode.swift; path = DrinkViewModel.swift; sourceTree = "<group>"; };
		B1EE249F2B6144E3007F68B0 /* MainViewModel.swift */ = {isa = PBXFileReference; lastKnownFileType = sourcecode.swift; path = MainViewModel.swift; sourceTree = "<group>"; };
		B1EE24A12B6144EA007F68B0 /* LogInViewModel.swift */ = {isa = PBXFileReference; lastKnownFileType = sourcecode.swift; path = LogInViewModel.swift; sourceTree = "<group>"; };
		B1EE24A42B614872007F68B0 /* SearchBar.swift */ = {isa = PBXFileReference; lastKnownFileType = sourcecode.swift; path = SearchBar.swift; sourceTree = "<group>"; };
/* End PBXFileReference section */

/* Begin PBXFrameworksBuildPhase section */
		B1B8FE762B5EA9D900921BBE /* Frameworks */ = {
			isa = PBXFrameworksBuildPhase;
			buildActionMask = 2147483647;
			files = (
				B14957F92B86584D00870297 /* FirebaseAppCheck in Frameworks */,
				B1CF61212B83763000B59447 /* FirebaseFirestore in Frameworks */,
				B14957F72B86584D00870297 /* FirebaseAnalyticsWithoutAdIdSupport in Frameworks */,
				099D9AA62B8720AC002261F7 /* Kingfisher in Frameworks */,
				B1EE24682B613EB1007F68B0 /* FirebaseAnalyticsSwift in Frameworks */,
				B14957F12B86584D00870297 /* FirebaseAnalytics in Frameworks */,
				B14958072B86593C00870297 /* Lottie in Frameworks */,
				B14957F32B86584D00870297 /* FirebaseAnalyticsOnDeviceConversion in Frameworks */,
				B14957F52B86584D00870297 /* FirebaseAnalyticsSwift in Frameworks */,
				09BCC13C2B7B99FF00FF4D1B /* FirebaseAuth in Frameworks */,
				090FF1CA2B82ED8400AF22B5 /* FirebaseStorage in Frameworks */,
				B1EE24642B613EB1007F68B0 /* FirebaseAnalytics in Frameworks */,
				0999125C2B84654400E72C73 /* FirebaseCrashlytics in Frameworks */,
				B1EE24662B613EB1007F68B0 /* FirebaseAnalyticsOnDeviceConversion in Frameworks */,
				B14958052B86590400870297 /* OpenAI in Frameworks */,
				B14958032B86584D00870297 /* FirebaseDatabase in Frameworks */,
				AC98D1D22B73586F006F6EC9 /* OpenAI in Frameworks */,
				B14957FD2B86584D00870297 /* FirebaseAuth in Frameworks */,
				09BCC15D2B7CF2CB00FF4D1B /* FirebaseFirestore in Frameworks */,
				B14957FB2B86584D00870297 /* FirebaseAppDistribution-Beta in Frameworks */,
				B1EE246A2B613EB1007F68B0 /* FirebaseAnalyticsWithoutAdIdSupport in Frameworks */,
				B14958012B86584D00870297 /* FirebaseCrashlytics in Frameworks */,
				B14957FF2B86584D00870297 /* FirebaseAuthCombine-Community in Frameworks */,
				AC98D1CD2B735765006F6EC9 /* Lottie in Frameworks */,
			);
			runOnlyForDeploymentPostprocessing = 0;
		};
/* End PBXFrameworksBuildPhase section */

/* Begin PBXGroup section */
		0902EB472B7E11E9003D555E /* Trash */ = {
			isa = PBXGroup;
			children = (
				09BCC1592B7C8CD300FF4D1B /* IdentityVerificationView.swift */,
			);
			path = Trash;
			sourceTree = "<group>";
		};
		090FF1C52B80A0B200AF22B5 /* Splash */ = {
			isa = PBXGroup;
			children = (
				090FF1C62B80A0C600AF22B5 /* SplashView.swift */,
			);
			path = Splash;
			sourceTree = "<group>";
		};
		090FF1C82B82ED8400AF22B5 /* Frameworks */ = {
			isa = PBXGroup;
			children = (
			);
			name = Frameworks;
			sourceTree = "<group>";
		};
		099912662B85C43E00E72C73 /* JsonUploadFiles */ = {
			isa = PBXGroup;
			children = (
				7BE14B962B84767000C1F6C3 /* DrinkUploadViewModel.swift */,
			);
			path = JsonUploadFiles;
			sourceTree = "<group>";
		};
		09BCC1362B7B99BD00FF4D1B /* App */ = {
			isa = PBXGroup;
			children = (
				09A6AD712B70B46E00606585 /* AppViewModel.swift */,
			);
			path = App;
			sourceTree = "<group>";
		};
		09BCC1372B7B99C500FF4D1B /* Auth */ = {
			isa = PBXGroup;
			children = (
				09BCC1382B7B99D600FF4D1B /* AuthService.swift */,
			);
			path = Auth;
			sourceTree = "<group>";
		};
		09BCC1482B7C7E1500FF4D1B /* Lottie */ = {
			isa = PBXGroup;
			children = (
				2C7FD54F2B848E8500169512 /* DrinkLoading.json */,
				09BCC14E2B7C7E2900FF4D1B /* Clouds.json */,
				09BCC1492B7C7E2900FF4D1B /* Loading.json */,
				09BCC14C2B7C7E2900FF4D1B /* Rain.json */,
				09BCC14D2B7C7E2900FF4D1B /* Snow.json */,
				09BCC14B2B7C7E2900FF4D1B /* Sun.json */,
				09BCC14A2B7C7E2900FF4D1B /* Thunder.json */,
			);
			path = Lottie;
			sourceTree = "<group>";
		};
		09F869942B68E44A00A56A4C /* DrinkDetail */ = {
			isa = PBXGroup;
			children = (
				09F869952B68E46500A56A4C /* DrinkDetailView.swift */,
				09F869972B68E48400A56A4C /* DrinkDetails.swift */,
				09F869992B68E4B600A56A4C /* TastingNotes.swift */,
				09BCC0B22B7A2BE600FF4D1B /* KoreanTastingNotes.swift */,
				09F8699B2B68E4CA00A56A4C /* WellMatched.swift */,
				09F8699D2B68E4E400A56A4C /* PeferenceChart.swift */,
				09F8699F2B68E50000A56A4C /* TaggedTrendingPosts.swift */,
				09F869A12B68E51600A56A4C /* PostListCell.swift */,
			);
			path = DrinkDetail;
			sourceTree = "<group>";
		};
		2C63DD502B676DC000770E3A /* ContentView */ = {
			isa = PBXGroup;
			children = (
				2C2044E72B63B9D600773266 /* ContentView.swift */,
				2C63DD512B676E1000770E3A /* TabItem.swift */,
			);
			path = ContentView;
			sourceTree = "<group>";
		};
		B121A5652B5F8D2000667D42 /* Resource */ = {
			isa = PBXGroup;
			children = (
				09BCC1482B7C7E1500FF4D1B /* Lottie */,
				09A6AD7D2B72A53C00606585 /* Errors.swift */,
				B12BEE4E2B6B7BDA00580D29 /* Handler.swift */,
				7B6D76A62B677A8F00601B55 /* Button.swift */,
				B121A5712B5F8EE100667D42 /* Font +.swift */,
				090FF1CF2B83436000AF22B5 /* View +.swift */,
				09B4A0442B6E5DAE0082B235 /* PresentationDetent +.swift */,
				099F16182B750E7E00D8BEDA /* UINavigationController +.swift */,
				B158F83E2B657A9000E33C47 /* Theme.swift */,
				09F869922B68E36800A56A4C /* Formatter.swift */,
				B1EE24A32B614508007F68B0 /* Components */,
				B121A5682B5F8D4800667D42 /* Pretendard */,
			);
			path = Resource;
			sourceTree = "<group>";
		};
		B121A5682B5F8D4800667D42 /* Pretendard */ = {
			isa = PBXGroup;
			children = (
				B121A56C2B5F8D5D00667D42 /* Pretendard-Bold.otf */,
				B121A56D2B5F8D5D00667D42 /* Pretendard-Light.otf */,
				B121A56B2B5F8D5D00667D42 /* Pretendard-Medium.otf */,
				B121A5692B5F8D5D00667D42 /* Pretendard-Regular.otf */,
				B121A56A2B5F8D5D00667D42 /* Pretendard-SemiBold.otf */,
				B121A56E2B5F8D5E00667D42 /* Pretendard-Thin.otf */,
			);
			path = Pretendard;
			sourceTree = "<group>";
		};
		B123304A2B6A99C200DE2A93 /* MypageDetail */ = {
			isa = PBXGroup;
			children = (
				AC110B562B69658C005390BB /* ChangeUserNameView.swift */,
				09F869B42B6A47B700A56A4C /* AlarmStoreListCell.swift */,
				09F869B62B6A47C700A56A4C /* AlarmStoreView.swift */,
				B123304D2B6A9A0300DE2A93 /* UserProfileView.swift */,
			);
			path = MypageDetail;
			sourceTree = "<group>";
		};
		B12BEE452B6A9DF100580D29 /* SettingDetail */ = {
			isa = PBXGroup;
			children = (
				B12BEE462B6A9E1000580D29 /* AppServiceInfoView.swift */,
				B12BEE4A2B6A9E3B00580D29 /* NoticeView.swift */,
			);
			path = SettingDetail;
			sourceTree = "<group>";
		};
		B1B8FE702B5EA9D900921BBE = {
			isa = PBXGroup;
			children = (
				B1B8FE7B2B5EA9D900921BBE /* JUDA */,
				090FF1C82B82ED8400AF22B5 /* Frameworks */,
				0974A14A2B8B787E00476199 /* JUDA.app */,
			);
			sourceTree = "<group>";
		};
		B1B8FE7B2B5EA9D900921BBE /* JUDA */ = {
			isa = PBXGroup;
			children = (
				09BCC1352B7B956A00FF4D1B /* JUDA.entitlements */,
				B1B8FE7C2B5EA9D900921BBE /* JUDAApp.swift */,
				B1EE246F2B614293007F68B0 /* View */,
				B1EE246E2B614289007F68B0 /* ViewModel */,
				B1EE246D2B614280007F68B0 /* Model */,
				B121A5652B5F8D2000667D42 /* Resource */,
				B1B8FE802B5EA9DA00921BBE /* Assets.xcassets */,
				B1B8FE8C2B5EAAAB00921BBE /* Colors.xcassets */,
				B121A56F2B5F8DA100667D42 /* Info.plist */,
				0974A14C2B8B7B5000476199 /* APIKEYS.plist */,
				0974A14B2B8B7B4F00476199 /* GoogleService-Info.plist */,
				B1B8FE822B5EA9DA00921BBE /* Preview Content */,
			);
			path = JUDA;
			sourceTree = "<group>";
		};
		B1B8FE822B5EA9DA00921BBE /* Preview Content */ = {
			isa = PBXGroup;
			children = (
				B1B8FE832B5EA9DA00921BBE /* Preview Assets.xcassets */,
			);
			path = "Preview Content";
			sourceTree = "<group>";
		};
		B1EE246D2B614280007F68B0 /* Model */ = {
			isa = PBXGroup;
			children = (
				0902EB4A2B7E4E72003D555E /* User.swift */,
				7BE14B942B84733900C1F6C3 /* Drink.swift */,
				2C7FD5512B848EEF00169512 /* Post.swift */,
			);
			path = Model;
			sourceTree = "<group>";
		};
		B1EE246E2B614289007F68B0 /* ViewModel */ = {
			isa = PBXGroup;
			children = (
				099912662B85C43E00E72C73 /* JsonUploadFiles */,
				09BCC1362B7B99BD00FF4D1B /* App */,
				09BCC1372B7B99C500FF4D1B /* Auth */,
				B1EE24802B6143C7007F68B0 /* Mypage */,
				B1EE24812B6143CD007F68B0 /* Liked */,
				B1EE24822B6143D2007F68B0 /* Record */,
				B1EE24832B6143DC007F68B0 /* Posts */,
				B1EE24842B6143E4007F68B0 /* Drink */,
				B1EE24852B6143EA007F68B0 /* Main */,
				B1EE24862B6143EF007F68B0 /* LogIn */,
			);
			path = ViewModel;
			sourceTree = "<group>";
		};
		B1EE246F2B614293007F68B0 /* View */ = {
			isa = PBXGroup;
			children = (
				090FF1C52B80A0B200AF22B5 /* Splash */,
				2C63DD502B676DC000770E3A /* ContentView */,
				B1EE247E2B614388007F68B0 /* Mypage */,
				B1EE247D2B61437F007F68B0 /* Liked */,
				B1EE247B2B61436C007F68B0 /* Record */,
				B1EE24782B614354007F68B0 /* Posts */,
				B1EE24762B614345007F68B0 /* DrinkInfo */,
				B1EE24752B61432B007F68B0 /* Main */,
				B1EE24742B614322007F68B0 /* LogIn */,
				0902EB472B7E11E9003D555E /* Trash */,
			);
			path = View;
			sourceTree = "<group>";
		};
		B1EE24742B614322007F68B0 /* LogIn */ = {
			isa = PBXGroup;
			children = (
				B1EE24932B614485007F68B0 /* LogInView.swift */,
				09BCC15E2B7CFC7E00FF4D1B /* TermsAndVerificationView.swift */,
				09BCC1572B7C805400FF4D1B /* UserAgreementView.swift */,
				0902EB482B7E3372003D555E /* ProfileSettingView.swift */,
			);
			path = LogIn;
			sourceTree = "<group>";
		};
		B1EE24752B61432B007F68B0 /* Main */ = {
			isa = PBXGroup;
			children = (
				B1EE24912B61447F007F68B0 /* MainView.swift */,
				AC98D1CE2B7357DA006F6EC9 /* Lottie.swift */,
				AC98D1D32B7358AE006F6EC9 /* AiViewModel.swift */,
				AC98D1D72B7359CC006F6EC9 /* WeatherViewModel.swift */,
				AC6D12892B6A8ED100169B23 /* WeatherAndFood.swift */,
				AC6D12832B6A8D6100169B23 /* SuggestDrink.swift */,
				AC6D12872B6A8DD300169B23 /* TodayDrinkRecommended.swift */,
				AC6D12852B6A8D7800169B23 /* PostOrLogin.swift */,
			);
			path = Main;
			sourceTree = "<group>";
		};
		B1EE24762B614345007F68B0 /* DrinkInfo */ = {
			isa = PBXGroup;
			children = (
				B1EE248F2B614477007F68B0 /* DrinkInfoView.swift */,
				0961B7982B6624DD00A9F553 /* DrinkInfoGrid.swift */,
				0961B7962B6624D300A9F553 /* DrinkInfoList.swift */,
				09F869942B68E44A00A56A4C /* DrinkDetail */,
			);
			path = DrinkInfo;
			sourceTree = "<group>";
		};
		B1EE24782B614354007F68B0 /* Posts */ = {
			isa = PBXGroup;
			children = (
				B1EE248D2B614470007F68B0 /* PostsView.swift */,
				7B5174912B69EAB300915793 /* NavigationPostsView.swift */,
				7B6D76AA2B67CE3D00601B55 /* PostDetailView.swift */,
				7B6D76AE2B67CFC900601B55 /* PostInfo.swift */,
				7B6D76B02B67D1E100601B55 /* PostPhotoScroll.swift */,
				7B6D76B22B67D3B700601B55 /* PostDrinkRating.swift */,
				7B6D76B42B67D5F900601B55 /* PostTags.swift */,
				7B6D76B62B68972000601B55 /* PostGrid.swift */,
				7B6D76B82B68D9C900601B55 /* PostReportView.swift */,
				7B9265702B6941D000840095 /* PostReportToolbar.swift */,
				7B92656A2B692E7200840095 /* PostReportTitle.swift */,
				7B92656C2B692F0700840095 /* PostReportContent.swift */,
				7B92656E2B69303F00840095 /* PostReportButton.swift */,
			);
			path = Posts;
			sourceTree = "<group>";
		};
		B1EE247B2B61436C007F68B0 /* Record */ = {
			isa = PBXGroup;
			children = (
				2C63DD662B67EB1B00770E3A /* RecordView.swift */,
				2C2AD5062B68A22A00C681F4 /* FoodTagXmarkButton.swift */,
				2C2AD5042B68A1AF00C681F4 /* FoodTagVertical.swift */,
				2C2AD5022B68A15E00C681F4 /* FoodTagAddTextField.swift */,
				2C2AD5002B689CA500C681F4 /* SelectedPhotoHorizontalScroll.swift */,
				2C2AD4FC2B68891C00C681F4 /* SearchTagView.swift */,
				B1EE248B2B61446A007F68B0 /* AddTagView.swift */,
				2C63DD642B67DFA400770E3A /* DrinkTagScroll.swift */,
				2C63DD602B67D5EB00770E3A /* PhotoSelectPagingTab.swift */,
			);
			path = Record;
			sourceTree = "<group>";
		};
		B1EE247D2B61437F007F68B0 /* Liked */ = {
			isa = PBXGroup;
			children = (
				B1EE24892B614464007F68B0 /* LikedView.swift */,
				09F869BA2B6A4A9C00A56A4C /* LikedDrinkList.swift */,
				09F869BC2B6A4AAE00A56A4C /* LikedPostGrid.swift */,
			);
			path = Liked;
			sourceTree = "<group>";
		};
		B1EE247E2B614388007F68B0 /* Mypage */ = {
			isa = PBXGroup;
			children = (
				B1198F9F2B84EAF3002BE0DE /* unauthenticatedMypageView.swift */,
				B1EE24872B61445E007F68B0 /* MypageView.swift */,
				B12330482B6A99B400DE2A93 /* SettingView.swift */,
				AC5778E42B6FC20C00F7B04B /* NavigationProfileView.swift */,
				B123304A2B6A99C200DE2A93 /* MypageDetail */,
				B12BEE452B6A9DF100580D29 /* SettingDetail */,
			);
			path = Mypage;
			sourceTree = "<group>";
		};
		B1EE24802B6143C7007F68B0 /* Mypage */ = {
			isa = PBXGroup;
			children = (
				B1EE24952B6144A5007F68B0 /* MypageViewModel.swift */,
			);
			path = Mypage;
			sourceTree = "<group>";
		};
		B1EE24812B6143CD007F68B0 /* Liked */ = {
			isa = PBXGroup;
			children = (
				B1EE24972B6144BD007F68B0 /* LikedViewModel.swift */,
			);
			path = Liked;
			sourceTree = "<group>";
		};
		B1EE24822B6143D2007F68B0 /* Record */ = {
			isa = PBXGroup;
			children = (
				B1EE24992B6144C5007F68B0 /* RecordViewModel.swift */,
			);
			path = Record;
			sourceTree = "<group>";
		};
		B1EE24832B6143DC007F68B0 /* Posts */ = {
			isa = PBXGroup;
			children = (
				B1EE249B2B6144CD007F68B0 /* PostsViewModel.swift */,
			);
			path = Posts;
			sourceTree = "<group>";
		};
		B1EE24842B6143E4007F68B0 /* Drink */ = {
			isa = PBXGroup;
			children = (
				B1EE249D2B6144DD007F68B0 /* DrinkViewModel.swift */,
				099D9AAB2B8784BA002261F7 /* DrinkImageViewModel.swift */,
			);
			path = Drink;
			sourceTree = "<group>";
		};
		B1EE24852B6143EA007F68B0 /* Main */ = {
			isa = PBXGroup;
			children = (
				B1EE249F2B6144E3007F68B0 /* MainViewModel.swift */,
			);
			path = Main;
			sourceTree = "<group>";
		};
		B1EE24862B6143EF007F68B0 /* LogIn */ = {
			isa = PBXGroup;
			children = (
				B1EE24A12B6144EA007F68B0 /* LogInViewModel.swift */,
			);
			path = LogIn;
			sourceTree = "<group>";
		};
		B1EE24A32B614508007F68B0 /* Components */ = {
			isa = PBXGroup;
			children = (
				B1EE24A42B614872007F68B0 /* SearchBar.swift */,
				096E63192B616F31009246CE /* DrinkGridCell.swift */,
				096E63172B616886009246CE /* DrinkListCell.swift */,
				7B904C652B6168C60052384A /* PostCell.swift */,
				0974A14F2B8B7B6C00476199 /* ShimmerPostCell.swift */,
				7B904C672B6184560052384A /* CustomTextSegment.swift */,
				2C2FF2972B63916700B2301A /* StarRating.swift */,
				B16EB85B2B63859800E920A3 /* DrinkInfoSegment.swift */,
				B127A4212B64EB53001F005D /* CustomBottomSheet.swift */,
				09254CA62B637C9900569D94 /* CustomDivider.swift */,
				2C5B0F412B6B10CF005F1A99 /* CustomDialog.swift */,
				09A6AD792B71F6D800606585 /* LibraryPhotosPicker.swift */,
				099F161A2B75347100D8BEDA /* CheckBox.swift */,
				090FF1CD2B83413100AF22B5 /* CustomLoadingView.swift */,
				099912642B85799800E72C73 /* CircularLoaderView.swift */,
			);
			path = Components;
			sourceTree = "<group>";
		};
/* End PBXGroup section */

/* Begin PBXNativeTarget section */
		B1B8FE782B5EA9D900921BBE /* JUDA */ = {
			isa = PBXNativeTarget;
			buildConfigurationList = B1B8FE872B5EA9DA00921BBE /* Build configuration list for PBXNativeTarget "JUDA" */;
			buildPhases = (
				B1B8FE752B5EA9D900921BBE /* Sources */,
				B1B8FE762B5EA9D900921BBE /* Frameworks */,
				B1B8FE772B5EA9D900921BBE /* Resources */,
			);
			buildRules = (
			);
			dependencies = (
			);
			name = JUDA;
			packageProductDependencies = (
				B1EE24632B613EB1007F68B0 /* FirebaseAnalytics */,
				B1EE24652B613EB1007F68B0 /* FirebaseAnalyticsOnDeviceConversion */,
				B1EE24672B613EB1007F68B0 /* FirebaseAnalyticsSwift */,
				B1EE24692B613EB1007F68B0 /* FirebaseAnalyticsWithoutAdIdSupport */,
				AC98D1CC2B735765006F6EC9 /* Lottie */,
				AC98D1D12B73586F006F6EC9 /* OpenAI */,
				ACCFECBB2B7FAA50009E5E9C /* FirebaseFirestore */,
				09BCC13B2B7B99FF00FF4D1B /* FirebaseAuth */,
				09BCC15C2B7CF2CB00FF4D1B /* FirebaseFirestore */,
				090FF1C92B82ED8400AF22B5 /* FirebaseStorage */,
				0999125B2B84654400E72C73 /* FirebaseCrashlytics */,
				B14957F02B86584D00870297 /* FirebaseAnalytics */,
				B14957F22B86584D00870297 /* FirebaseAnalyticsOnDeviceConversion */,
				B14957F42B86584D00870297 /* FirebaseAnalyticsSwift */,
				B14957F62B86584D00870297 /* FirebaseAnalyticsWithoutAdIdSupport */,
				B14957F82B86584D00870297 /* FirebaseAppCheck */,
				B14957FA2B86584D00870297 /* FirebaseAppDistribution-Beta */,
				B14957FC2B86584D00870297 /* FirebaseAuth */,
				B14957FE2B86584D00870297 /* FirebaseAuthCombine-Community */,
				B14958002B86584D00870297 /* FirebaseCrashlytics */,
				B14958022B86584D00870297 /* FirebaseDatabase */,
				B14958042B86590400870297 /* OpenAI */,
				B14958062B86593C00870297 /* Lottie */,
				099D9AA52B8720AC002261F7 /* Kingfisher */,
			);
			productName = FinalHrmiProjects;
			productReference = 0974A14A2B8B787E00476199 /* JUDA.app */;
			productType = "com.apple.product-type.application";
		};
/* End PBXNativeTarget section */

/* Begin PBXProject section */
		B1B8FE712B5EA9D900921BBE /* Project object */ = {
			isa = PBXProject;
			attributes = {
				BuildIndependentTargetsInParallel = 1;
				LastSwiftUpdateCheck = 1500;
				LastUpgradeCheck = 1520;
				TargetAttributes = {
					B1B8FE782B5EA9D900921BBE = {
						CreatedOnToolsVersion = 15.0;
					};
				};
			};
			buildConfigurationList = B1B8FE742B5EA9D900921BBE /* Build configuration list for PBXProject "JUDA" */;
			compatibilityVersion = "Xcode 14.0";
			developmentRegion = ko;
			hasScannedForEncodings = 0;
			knownRegions = (
				en,
				Base,
				ko,
			);
			mainGroup = B1B8FE702B5EA9D900921BBE;
			packageReferences = (
				B1EE24622B613EB1007F68B0 /* XCRemoteSwiftPackageReference "firebase-ios-sdk" */,
				AC98D1CB2B735765006F6EC9 /* XCRemoteSwiftPackageReference "lottie-ios" */,
				AC98D1D02B73586F006F6EC9 /* XCRemoteSwiftPackageReference "OpenAI" */,
				099D9AA42B8720AC002261F7 /* XCRemoteSwiftPackageReference "Kingfisher" */,
			);
			productRefGroup = B1B8FE702B5EA9D900921BBE;
			projectDirPath = "";
			projectRoot = "";
			targets = (
				B1B8FE782B5EA9D900921BBE /* JUDA */,
			);
		};
/* End PBXProject section */

/* Begin PBXResourcesBuildPhase section */
		B1B8FE772B5EA9D900921BBE /* Resources */ = {
			isa = PBXResourcesBuildPhase;
			buildActionMask = 2147483647;
			files = (
				09BCC1512B7C7E2900FF4D1B /* Sun.json in Resources */,
				09BCC1502B7C7E2900FF4D1B /* Thunder.json in Resources */,
				B1B8FE8D2B5EAAAB00921BBE /* Colors.xcassets in Resources */,
				B121A5732B5F910900667D42 /* Pretendard-Bold.otf in Resources */,
				09BCC14F2B7C7E2900FF4D1B /* Loading.json in Resources */,
				B1B8FE842B5EA9DA00921BBE /* Preview Assets.xcassets in Resources */,
				2C7FD5502B848E8500169512 /* DrinkLoading.json in Resources */,
				B121A5782B5F911A00667D42 /* Pretendard-Thin.otf in Resources */,
				B121A5772B5F911900667D42 /* Pretendard-SemiBold.otf in Resources */,
				09BCC1532B7C7E2900FF4D1B /* Snow.json in Resources */,
				09BCC1542B7C7E2900FF4D1B /* Clouds.json in Resources */,
				B121A5742B5F910B00667D42 /* Pretendard-Light.otf in Resources */,
				0974A14D2B8B7B5000476199 /* GoogleService-Info.plist in Resources */,
				09BCC1522B7C7E2900FF4D1B /* Rain.json in Resources */,
				B121A5762B5F911700667D42 /* Pretendard-Regular.otf in Resources */,
				B1B8FE812B5EA9DA00921BBE /* Assets.xcassets in Resources */,
				B121A5752B5F911500667D42 /* Pretendard-Medium.otf in Resources */,
				0974A14E2B8B7B5000476199 /* APIKEYS.plist in Resources */,
			);
			runOnlyForDeploymentPostprocessing = 0;
		};
/* End PBXResourcesBuildPhase section */

/* Begin PBXSourcesBuildPhase section */
		B1B8FE752B5EA9D900921BBE /* Sources */ = {
			isa = PBXSourcesBuildPhase;
			buildActionMask = 2147483647;
			files = (
				09394C4A2B74A49A0077F78B /* SuggestDrink.swift in Sources */,
				0902EB492B7E3372003D555E /* ProfileSettingView.swift in Sources */,
				09394C4B2B74A49A0077F78B /* PostOrLogin.swift in Sources */,
				7BBDFF722B6B912C0036FB8B /* TabItem.swift in Sources */,
				7BBDFF732B6B912C0036FB8B /* DrinkInfoSegment.swift in Sources */,
				7BBDFF6E2B6B90EB0036FB8B /* JUDAApp.swift in Sources */,
				7BBDFF6F2B6B90EB0036FB8B /* AddTagView.swift in Sources */,
				7BBDFF702B6B90EB0036FB8B /* PostGrid.swift in Sources */,
				090FF1CE2B83413100AF22B5 /* CustomLoadingView.swift in Sources */,
				7BBDFF712B6B90EB0036FB8B /* MainViewModel.swift in Sources */,
				2C5B0F422B6B10CF005F1A99 /* CustomDialog.swift in Sources */,
				09BCC15F2B7CFC7E00FF4D1B /* TermsAndVerificationView.swift in Sources */,
				09BCC15A2B7C8CD300FF4D1B /* IdentityVerificationView.swift in Sources */,
				B12BEE4B2B6A9E3B00580D29 /* NoticeView.swift in Sources */,
				09F869BD2B6A4AAE00A56A4C /* LikedPostGrid.swift in Sources */,
				099F16192B750E7E00D8BEDA /* UINavigationController +.swift in Sources */,
				2C2FF2982B63916700B2301A /* StarRating.swift in Sources */,
				2C63DD612B67D5EB00770E3A /* PhotoSelectPagingTab.swift in Sources */,
				7B6D76B92B68D9C900601B55 /* PostReportView.swift in Sources */,
				099D9AAC2B8784BA002261F7 /* DrinkImageViewModel.swift in Sources */,
				B1EE248A2B614464007F68B0 /* LikedView.swift in Sources */,
				B127A4222B64EB53001F005D /* CustomBottomSheet.swift in Sources */,
				7B5174922B69EAB300915793 /* NavigationPostsView.swift in Sources */,
				09A6AD722B70B46E00606585 /* AppViewModel.swift in Sources */,
				7B6D76B32B67D3B700601B55 /* PostDrinkRating.swift in Sources */,
				7B6D76B12B67D1E100601B55 /* PostPhotoScroll.swift in Sources */,
				0974A1502B8B7B6C00476199 /* ShimmerPostCell.swift in Sources */,
				09F869B52B6A47B700A56A4C /* AlarmStoreListCell.swift in Sources */,
				B1EE249A2B6144C5007F68B0 /* RecordViewModel.swift in Sources */,
				2C63DD672B67EB1B00770E3A /* RecordView.swift in Sources */,
				7B6D76AF2B67CFC900601B55 /* PostInfo.swift in Sources */,
				7BE14B972B84767000C1F6C3 /* DrinkUploadViewModel.swift in Sources */,
				B12BEE472B6A9E1000580D29 /* AppServiceInfoView.swift in Sources */,
				B1EE249E2B6144DD007F68B0 /* DrinkViewModel.swift in Sources */,
				AC98D1D82B7359CC006F6EC9 /* WeatherViewModel.swift in Sources */,
				09F8699C2B68E4CA00A56A4C /* WellMatched.swift in Sources */,
				096E631A2B616F31009246CE /* DrinkGridCell.swift in Sources */,
				AC6D12882B6A8DD300169B23 /* TodayDrinkRecommended.swift in Sources */,
				0902EB4B2B7E4E72003D555E /* User.swift in Sources */,
				09F869982B68E48400A56A4C /* DrinkDetails.swift in Sources */,
				B12330492B6A99B400DE2A93 /* SettingView.swift in Sources */,
				7B904C682B6184560052384A /* CustomTextSegment.swift in Sources */,
				2C2AD4FD2B68891C00C681F4 /* SearchTagView.swift in Sources */,
				B1EE24A22B6144EA007F68B0 /* LogInViewModel.swift in Sources */,
				09B4A0452B6E5DAE0082B235 /* PresentationDetent +.swift in Sources */,
				09BCC0B32B7A2BE600FF4D1B /* KoreanTastingNotes.swift in Sources */,
				090FF1D02B83436000AF22B5 /* View +.swift in Sources */,
				7B6D76A72B677A8F00601B55 /* Button.swift in Sources */,
				09F8699E2B68E4E400A56A4C /* PeferenceChart.swift in Sources */,
				096E63182B616886009246CE /* DrinkListCell.swift in Sources */,
				09F869B72B6A47C700A56A4C /* AlarmStoreView.swift in Sources */,
				7B9265712B6941D000840095 /* PostReportToolbar.swift in Sources */,
				7B6D76AB2B67CE3D00601B55 /* PostDetailView.swift in Sources */,
				7B92656F2B69303F00840095 /* PostReportButton.swift in Sources */,
				7B92656D2B692F0700840095 /* PostReportContent.swift in Sources */,
				AC5778E52B6FC20C00F7B04B /* NavigationProfileView.swift in Sources */,
				B1EE24982B6144BD007F68B0 /* LikedViewModel.swift in Sources */,
				B1EE24962B6144A5007F68B0 /* MypageViewModel.swift in Sources */,
				B1EE24922B61447F007F68B0 /* MainView.swift in Sources */,
				7B92656B2B692E7200840095 /* PostReportTitle.swift in Sources */,
				090FF1C72B80A0C600AF22B5 /* SplashView.swift in Sources */,
				AC6D128A2B6A8ED100169B23 /* WeatherAndFood.swift in Sources */,
				2C2044E82B63B9D600773266 /* ContentView.swift in Sources */,
				B12BEE4F2B6B7BDA00580D29 /* Handler.swift in Sources */,
				09F869932B68E36800A56A4C /* Formatter.swift in Sources */,
				09A6AD7A2B71F6D800606585 /* LibraryPhotosPicker.swift in Sources */,
				B123304E2B6A9A0300DE2A93 /* UserProfileView.swift in Sources */,
				0961B7972B6624D300A9F553 /* DrinkInfoList.swift in Sources */,
				0961B7992B6624DD00A9F553 /* DrinkInfoGrid.swift in Sources */,
				B1EE24902B614477007F68B0 /* DrinkInfoView.swift in Sources */,
				09254CA72B637C9900569D94 /* CustomDivider.swift in Sources */,
				099912652B85799800E72C73 /* CircularLoaderView.swift in Sources */,
				09BCC1582B7C805400FF4D1B /* UserAgreementView.swift in Sources */,
				B121A5722B5F8EE100667D42 /* Font +.swift in Sources */,
				B1EE249C2B6144CD007F68B0 /* PostsViewModel.swift in Sources */,
				2C2AD5072B68A22A00C681F4 /* FoodTagXmarkButton.swift in Sources */,
				2C63DD652B67DFA400770E3A /* DrinkTagScroll.swift in Sources */,
				B1EE24A52B614872007F68B0 /* SearchBar.swift in Sources */,
				B1EE24942B614485007F68B0 /* LogInView.swift in Sources */,
				2C7FD5522B848EEF00169512 /* Post.swift in Sources */,
				B1EE248E2B614470007F68B0 /* PostsView.swift in Sources */,
				2C2AD5012B689CA500C681F4 /* SelectedPhotoHorizontalScroll.swift in Sources */,
				2C2AD5032B68A15E00C681F4 /* FoodTagAddTextField.swift in Sources */,
				B1198FA02B84EAF3002BE0DE /* unauthenticatedMypageView.swift in Sources */,
				2C2AD5052B68A1AF00C681F4 /* FoodTagVertical.swift in Sources */,
				09F869BB2B6A4A9C00A56A4C /* LikedDrinkList.swift in Sources */,
				09F869962B68E46500A56A4C /* DrinkDetailView.swift in Sources */,
				B158F83F2B657A9000E33C47 /* Theme.swift in Sources */,
				09F869A22B68E51600A56A4C /* PostListCell.swift in Sources */,
				B1EE24882B61445E007F68B0 /* MypageView.swift in Sources */,
				09F869A02B68E50000A56A4C /* TaggedTrendingPosts.swift in Sources */,
				AC98D1D42B7358AE006F6EC9 /* AiViewModel.swift in Sources */,
				7B6D76B52B67D5F900601B55 /* PostTags.swift in Sources */,
				7BE14B952B84733900C1F6C3 /* Drink.swift in Sources */,
				09A6AD7E2B72A53C00606585 /* Errors.swift in Sources */,
				099F161B2B75347100D8BEDA /* CheckBox.swift in Sources */,
				7B904C662B6168C60052384A /* PostCell.swift in Sources */,
				09BCC1392B7B99D600FF4D1B /* AuthService.swift in Sources */,
				AC110B572B69658C005390BB /* ChangeUserNameView.swift in Sources */,
				09F8699A2B68E4B600A56A4C /* TastingNotes.swift in Sources */,
				AC98D1CF2B7357DA006F6EC9 /* Lottie.swift in Sources */,
			);
			runOnlyForDeploymentPostprocessing = 0;
		};
/* End PBXSourcesBuildPhase section */

/* Begin XCBuildConfiguration section */
		B1B8FE852B5EA9DA00921BBE /* Debug */ = {
			isa = XCBuildConfiguration;
			buildSettings = {
				ALWAYS_SEARCH_USER_PATHS = NO;
				ASSETCATALOG_COMPILER_GENERATE_SWIFT_ASSET_SYMBOL_EXTENSIONS = YES;
				CLANG_ANALYZER_LOCALIZABILITY_NONLOCALIZED = YES;
				CLANG_ANALYZER_NONNULL = YES;
				CLANG_ANALYZER_NUMBER_OBJECT_CONVERSION = YES_AGGRESSIVE;
				CLANG_CXX_LANGUAGE_STANDARD = "gnu++20";
				CLANG_ENABLE_MODULES = YES;
				CLANG_ENABLE_OBJC_ARC = YES;
				CLANG_ENABLE_OBJC_WEAK = YES;
				CLANG_WARN_BLOCK_CAPTURE_AUTORELEASING = YES;
				CLANG_WARN_BOOL_CONVERSION = YES;
				CLANG_WARN_COMMA = YES;
				CLANG_WARN_CONSTANT_CONVERSION = YES;
				CLANG_WARN_DEPRECATED_OBJC_IMPLEMENTATIONS = YES;
				CLANG_WARN_DIRECT_OBJC_ISA_USAGE = YES_ERROR;
				CLANG_WARN_DOCUMENTATION_COMMENTS = YES;
				CLANG_WARN_EMPTY_BODY = YES;
				CLANG_WARN_ENUM_CONVERSION = YES;
				CLANG_WARN_INFINITE_RECURSION = YES;
				CLANG_WARN_INT_CONVERSION = YES;
				CLANG_WARN_NON_LITERAL_NULL_CONVERSION = YES;
				CLANG_WARN_OBJC_IMPLICIT_RETAIN_SELF = YES;
				CLANG_WARN_OBJC_LITERAL_CONVERSION = YES;
				CLANG_WARN_OBJC_ROOT_CLASS = YES_ERROR;
				CLANG_WARN_QUOTED_INCLUDE_IN_FRAMEWORK_HEADER = YES;
				CLANG_WARN_RANGE_LOOP_ANALYSIS = YES;
				CLANG_WARN_STRICT_PROTOTYPES = YES;
				CLANG_WARN_SUSPICIOUS_MOVE = YES;
				CLANG_WARN_UNGUARDED_AVAILABILITY = YES_AGGRESSIVE;
				CLANG_WARN_UNREACHABLE_CODE = YES;
				CLANG_WARN__DUPLICATE_METHOD_MATCH = YES;
				COPY_PHASE_STRIP = NO;
				DEBUG_INFORMATION_FORMAT = dwarf;
				ENABLE_STRICT_OBJC_MSGSEND = YES;
				ENABLE_TESTABILITY = YES;
				ENABLE_USER_SCRIPT_SANDBOXING = YES;
				GCC_C_LANGUAGE_STANDARD = gnu17;
				GCC_DYNAMIC_NO_PIC = NO;
				GCC_NO_COMMON_BLOCKS = YES;
				GCC_OPTIMIZATION_LEVEL = 0;
				GCC_PREPROCESSOR_DEFINITIONS = (
					"DEBUG=1",
					"$(inherited)",
				);
				GCC_WARN_64_TO_32_BIT_CONVERSION = YES;
				GCC_WARN_ABOUT_RETURN_TYPE = YES_ERROR;
				GCC_WARN_UNDECLARED_SELECTOR = YES;
				GCC_WARN_UNINITIALIZED_AUTOS = YES_AGGRESSIVE;
				GCC_WARN_UNUSED_FUNCTION = YES;
				GCC_WARN_UNUSED_VARIABLE = YES;
				INFOPLIST_KEY_CFBundleDisplayName = "주다";
				IPHONEOS_DEPLOYMENT_TARGET = 16.0;
				LOCALIZATION_PREFERS_STRING_CATALOGS = YES;
				MTL_ENABLE_DEBUG_INFO = INCLUDE_SOURCE;
				MTL_FAST_MATH = YES;
				ONLY_ACTIVE_ARCH = YES;
				SDKROOT = iphoneos;
				SWIFT_ACTIVE_COMPILATION_CONDITIONS = "DEBUG $(inherited)";
				SWIFT_OPTIMIZATION_LEVEL = "-Onone";
			};
			name = Debug;
		};
		B1B8FE862B5EA9DA00921BBE /* Release */ = {
			isa = XCBuildConfiguration;
			buildSettings = {
				ALWAYS_SEARCH_USER_PATHS = NO;
				ASSETCATALOG_COMPILER_GENERATE_SWIFT_ASSET_SYMBOL_EXTENSIONS = YES;
				CLANG_ANALYZER_LOCALIZABILITY_NONLOCALIZED = YES;
				CLANG_ANALYZER_NONNULL = YES;
				CLANG_ANALYZER_NUMBER_OBJECT_CONVERSION = YES_AGGRESSIVE;
				CLANG_CXX_LANGUAGE_STANDARD = "gnu++20";
				CLANG_ENABLE_MODULES = YES;
				CLANG_ENABLE_OBJC_ARC = YES;
				CLANG_ENABLE_OBJC_WEAK = YES;
				CLANG_WARN_BLOCK_CAPTURE_AUTORELEASING = YES;
				CLANG_WARN_BOOL_CONVERSION = YES;
				CLANG_WARN_COMMA = YES;
				CLANG_WARN_CONSTANT_CONVERSION = YES;
				CLANG_WARN_DEPRECATED_OBJC_IMPLEMENTATIONS = YES;
				CLANG_WARN_DIRECT_OBJC_ISA_USAGE = YES_ERROR;
				CLANG_WARN_DOCUMENTATION_COMMENTS = YES;
				CLANG_WARN_EMPTY_BODY = YES;
				CLANG_WARN_ENUM_CONVERSION = YES;
				CLANG_WARN_INFINITE_RECURSION = YES;
				CLANG_WARN_INT_CONVERSION = YES;
				CLANG_WARN_NON_LITERAL_NULL_CONVERSION = YES;
				CLANG_WARN_OBJC_IMPLICIT_RETAIN_SELF = YES;
				CLANG_WARN_OBJC_LITERAL_CONVERSION = YES;
				CLANG_WARN_OBJC_ROOT_CLASS = YES_ERROR;
				CLANG_WARN_QUOTED_INCLUDE_IN_FRAMEWORK_HEADER = YES;
				CLANG_WARN_RANGE_LOOP_ANALYSIS = YES;
				CLANG_WARN_STRICT_PROTOTYPES = YES;
				CLANG_WARN_SUSPICIOUS_MOVE = YES;
				CLANG_WARN_UNGUARDED_AVAILABILITY = YES_AGGRESSIVE;
				CLANG_WARN_UNREACHABLE_CODE = YES;
				CLANG_WARN__DUPLICATE_METHOD_MATCH = YES;
				COPY_PHASE_STRIP = NO;
				DEBUG_INFORMATION_FORMAT = "dwarf-with-dsym";
				ENABLE_NS_ASSERTIONS = NO;
				ENABLE_STRICT_OBJC_MSGSEND = YES;
				ENABLE_USER_SCRIPT_SANDBOXING = YES;
				GCC_C_LANGUAGE_STANDARD = gnu17;
				GCC_NO_COMMON_BLOCKS = YES;
				GCC_WARN_64_TO_32_BIT_CONVERSION = YES;
				GCC_WARN_ABOUT_RETURN_TYPE = YES_ERROR;
				GCC_WARN_UNDECLARED_SELECTOR = YES;
				GCC_WARN_UNINITIALIZED_AUTOS = YES_AGGRESSIVE;
				GCC_WARN_UNUSED_FUNCTION = YES;
				GCC_WARN_UNUSED_VARIABLE = YES;
				INFOPLIST_KEY_CFBundleDisplayName = "주다";
				IPHONEOS_DEPLOYMENT_TARGET = 16.0;
				LOCALIZATION_PREFERS_STRING_CATALOGS = YES;
				MTL_ENABLE_DEBUG_INFO = NO;
				MTL_FAST_MATH = YES;
				SDKROOT = iphoneos;
				SWIFT_COMPILATION_MODE = wholemodule;
				VALIDATE_PRODUCT = YES;
			};
			name = Release;
		};
		B1B8FE882B5EA9DA00921BBE /* Debug */ = {
			isa = XCBuildConfiguration;
			buildSettings = {
				ASSETCATALOG_COMPILER_APPICON_NAME = AppIcon;
				ASSETCATALOG_COMPILER_GLOBAL_ACCENT_COLOR_NAME = AccentColor;
				CODE_SIGN_ENTITLEMENTS = JUDA/JUDA.entitlements;
				CODE_SIGN_IDENTITY = "Apple Development";
				"CODE_SIGN_IDENTITY[sdk=iphoneos*]" = "iPhone Developer";
				CODE_SIGN_STYLE = Manual;
				CURRENT_PROJECT_VERSION = 2;
				DEVELOPMENT_ASSET_PATHS = "\"JUDA/Preview Content\"";
				DEVELOPMENT_TEAM = "";
				"DEVELOPMENT_TEAM[sdk=iphoneos*]" = CT6J74BCFP;
				ENABLE_PREVIEWS = YES;
				GENERATE_INFOPLIST_FILE = YES;
				INFOPLIST_FILE = JUDA/Info.plist;
				INFOPLIST_KEY_CFBundleDisplayName = "주다";
				INFOPLIST_KEY_NSLocationUsageDescription = "보다 정확한 날씨 정보를 받아오기 위해 사용.";
				INFOPLIST_KEY_NSLocationWhenInUseUsageDescription = "보다 정확한 날씨 정보를 받아오기 위해 사용.";
				INFOPLIST_KEY_NSPhotoLibraryUsageDescription = "앨범 사용";
				INFOPLIST_KEY_UIApplicationSceneManifest_Generation = YES;
				INFOPLIST_KEY_UIApplicationSupportsIndirectInputEvents = YES;
				INFOPLIST_KEY_UILaunchScreen_Generation = YES;
				INFOPLIST_KEY_UISupportedInterfaceOrientations_iPad = "UIInterfaceOrientationPortrait UIInterfaceOrientationPortraitUpsideDown UIInterfaceOrientationLandscapeLeft UIInterfaceOrientationLandscapeRight";
				INFOPLIST_KEY_UISupportedInterfaceOrientations_iPhone = "UIInterfaceOrientationPortrait UIInterfaceOrientationLandscapeLeft UIInterfaceOrientationLandscapeRight";
				IPHONEOS_DEPLOYMENT_TARGET = 16.0;
				LD_RUNPATH_SEARCH_PATHS = (
					"$(inherited)",
					"@executable_path/Frameworks",
				);
				MARKETING_VERSION = 1.0;
				PRODUCT_BUNDLE_IDENTIFIER = com.hrmi.juda;
				PRODUCT_NAME = "$(TARGET_NAME)";
				PROVISIONING_PROFILE_SPECIFIER = "";
				"PROVISIONING_PROFILE_SPECIFIER[sdk=iphoneos*]" = dev_JUDA;
				SWIFT_EMIT_LOC_STRINGS = YES;
				SWIFT_VERSION = 5.0;
				TARGETED_DEVICE_FAMILY = "1,2";
			};
			name = Debug;
		};
		B1B8FE892B5EA9DA00921BBE /* Release */ = {
			isa = XCBuildConfiguration;
			buildSettings = {
				ASSETCATALOG_COMPILER_APPICON_NAME = AppIcon;
				ASSETCATALOG_COMPILER_GLOBAL_ACCENT_COLOR_NAME = AccentColor;
				CODE_SIGN_ENTITLEMENTS = JUDA/JUDA.entitlements;
				CODE_SIGN_IDENTITY = "Apple Development";
				"CODE_SIGN_IDENTITY[sdk=iphoneos*]" = "iPhone Distribution";
				CODE_SIGN_STYLE = Manual;
				CURRENT_PROJECT_VERSION = 2;
				DEVELOPMENT_ASSET_PATHS = "\"JUDA/Preview Content\"";
				DEVELOPMENT_TEAM = "";
				"DEVELOPMENT_TEAM[sdk=iphoneos*]" = CT6J74BCFP;
				ENABLE_PREVIEWS = YES;
				GENERATE_INFOPLIST_FILE = YES;
				INFOPLIST_FILE = JUDA/Info.plist;
				INFOPLIST_KEY_CFBundleDisplayName = "주다";
				INFOPLIST_KEY_NSLocationUsageDescription = "보다 정확한 날씨 정보를 받아오기 위해 사용.";
				INFOPLIST_KEY_NSLocationWhenInUseUsageDescription = "보다 정확한 날씨 정보를 받아오기 위해 사용.";
				INFOPLIST_KEY_NSPhotoLibraryUsageDescription = "앨범 사용";
				INFOPLIST_KEY_UIApplicationSceneManifest_Generation = YES;
				INFOPLIST_KEY_UIApplicationSupportsIndirectInputEvents = YES;
				INFOPLIST_KEY_UILaunchScreen_Generation = YES;
				INFOPLIST_KEY_UISupportedInterfaceOrientations_iPad = "UIInterfaceOrientationPortrait UIInterfaceOrientationPortraitUpsideDown UIInterfaceOrientationLandscapeLeft UIInterfaceOrientationLandscapeRight";
				INFOPLIST_KEY_UISupportedInterfaceOrientations_iPhone = "UIInterfaceOrientationPortrait UIInterfaceOrientationLandscapeLeft UIInterfaceOrientationLandscapeRight";
				IPHONEOS_DEPLOYMENT_TARGET = 16.0;
				LD_RUNPATH_SEARCH_PATHS = (
					"$(inherited)",
					"@executable_path/Frameworks",
				);
				MARKETING_VERSION = 1.0;
				PRODUCT_BUNDLE_IDENTIFIER = com.hrmi.juda;
				PRODUCT_NAME = "$(TARGET_NAME)";
				PROVISIONING_PROFILE_SPECIFIER = "";
				"PROVISIONING_PROFILE_SPECIFIER[sdk=iphoneos*]" = dis_JUDA;
				SWIFT_EMIT_LOC_STRINGS = YES;
				SWIFT_VERSION = 5.0;
				TARGETED_DEVICE_FAMILY = "1,2";
			};
			name = Release;
		};
/* End XCBuildConfiguration section */

/* Begin XCConfigurationList section */
		B1B8FE742B5EA9D900921BBE /* Build configuration list for PBXProject "JUDA" */ = {
			isa = XCConfigurationList;
			buildConfigurations = (
				B1B8FE852B5EA9DA00921BBE /* Debug */,
				B1B8FE862B5EA9DA00921BBE /* Release */,
			);
			defaultConfigurationIsVisible = 0;
			defaultConfigurationName = Release;
		};
		B1B8FE872B5EA9DA00921BBE /* Build configuration list for PBXNativeTarget "JUDA" */ = {
			isa = XCConfigurationList;
			buildConfigurations = (
				B1B8FE882B5EA9DA00921BBE /* Debug */,
				B1B8FE892B5EA9DA00921BBE /* Release */,
			);
			defaultConfigurationIsVisible = 0;
			defaultConfigurationName = Release;
		};
/* End XCConfigurationList section */

/* Begin XCRemoteSwiftPackageReference section */
		099D9AA42B8720AC002261F7 /* XCRemoteSwiftPackageReference "Kingfisher" */ = {
			isa = XCRemoteSwiftPackageReference;
			repositoryURL = "https://github.com/onevcat/Kingfisher.git";
			requirement = {
				kind = upToNextMajorVersion;
				minimumVersion = 7.11.0;
			};
		};
		AC98D1CB2B735765006F6EC9 /* XCRemoteSwiftPackageReference "lottie-ios" */ = {
			isa = XCRemoteSwiftPackageReference;
			repositoryURL = "https://github.com/airbnb/lottie-ios.git";
			requirement = {
				branch = master;
				kind = branch;
			};
		};
		AC98D1D02B73586F006F6EC9 /* XCRemoteSwiftPackageReference "OpenAI" */ = {
			isa = XCRemoteSwiftPackageReference;
			repositoryURL = "https://github.com/MacPaw/OpenAI.git";
			requirement = {
				kind = upToNextMinorVersion;
				minimumVersion = 0.2.5;
			};
		};
		B1EE24622B613EB1007F68B0 /* XCRemoteSwiftPackageReference "firebase-ios-sdk" */ = {
			isa = XCRemoteSwiftPackageReference;
			repositoryURL = "https://github.com/firebase/firebase-ios-sdk";
			requirement = {
				kind = upToNextMajorVersion;
				minimumVersion = 10.20.0;
			};
		};
/* End XCRemoteSwiftPackageReference section */

/* Begin XCSwiftPackageProductDependency section */
		090FF1C92B82ED8400AF22B5 /* FirebaseStorage */ = {
			isa = XCSwiftPackageProductDependency;
			package = B1EE24622B613EB1007F68B0 /* XCRemoteSwiftPackageReference "firebase-ios-sdk" */;
			productName = FirebaseStorage;
		};
		0999125B2B84654400E72C73 /* FirebaseCrashlytics */ = {
			isa = XCSwiftPackageProductDependency;
			package = B1EE24622B613EB1007F68B0 /* XCRemoteSwiftPackageReference "firebase-ios-sdk" */;
			productName = FirebaseCrashlytics;
		};
		099D9AA52B8720AC002261F7 /* Kingfisher */ = {
			isa = XCSwiftPackageProductDependency;
			package = 099D9AA42B8720AC002261F7 /* XCRemoteSwiftPackageReference "Kingfisher" */;
			productName = Kingfisher;
		};
		09BCC13B2B7B99FF00FF4D1B /* FirebaseAuth */ = {
			isa = XCSwiftPackageProductDependency;
			package = B1EE24622B613EB1007F68B0 /* XCRemoteSwiftPackageReference "firebase-ios-sdk" */;
			productName = FirebaseAuth;
		};
		09BCC15C2B7CF2CB00FF4D1B /* FirebaseFirestore */ = {
			isa = XCSwiftPackageProductDependency;
			package = B1EE24622B613EB1007F68B0 /* XCRemoteSwiftPackageReference "firebase-ios-sdk" */;
			productName = FirebaseFirestore;
		};
		AC98D1CC2B735765006F6EC9 /* Lottie */ = {
			isa = XCSwiftPackageProductDependency;
			package = AC98D1CB2B735765006F6EC9 /* XCRemoteSwiftPackageReference "lottie-ios" */;
			productName = Lottie;
		};
		AC98D1D12B73586F006F6EC9 /* OpenAI */ = {
			isa = XCSwiftPackageProductDependency;
			package = AC98D1D02B73586F006F6EC9 /* XCRemoteSwiftPackageReference "OpenAI" */;
			productName = OpenAI;
		};
		ACCFECBB2B7FAA50009E5E9C /* FirebaseFirestore */ = {
			isa = XCSwiftPackageProductDependency;
			package = B1EE24622B613EB1007F68B0 /* XCRemoteSwiftPackageReference "firebase-ios-sdk" */;
			productName = FirebaseFirestore;
		};
		B14957F02B86584D00870297 /* FirebaseAnalytics */ = {
			isa = XCSwiftPackageProductDependency;
			package = B1EE24622B613EB1007F68B0 /* XCRemoteSwiftPackageReference "firebase-ios-sdk" */;
			productName = FirebaseAnalytics;
		};
		B14957F22B86584D00870297 /* FirebaseAnalyticsOnDeviceConversion */ = {
			isa = XCSwiftPackageProductDependency;
			package = B1EE24622B613EB1007F68B0 /* XCRemoteSwiftPackageReference "firebase-ios-sdk" */;
			productName = FirebaseAnalyticsOnDeviceConversion;
		};
		B14957F42B86584D00870297 /* FirebaseAnalyticsSwift */ = {
			isa = XCSwiftPackageProductDependency;
			package = B1EE24622B613EB1007F68B0 /* XCRemoteSwiftPackageReference "firebase-ios-sdk" */;
			productName = FirebaseAnalyticsSwift;
		};
		B14957F62B86584D00870297 /* FirebaseAnalyticsWithoutAdIdSupport */ = {
			isa = XCSwiftPackageProductDependency;
			package = B1EE24622B613EB1007F68B0 /* XCRemoteSwiftPackageReference "firebase-ios-sdk" */;
			productName = FirebaseAnalyticsWithoutAdIdSupport;
		};
		B14957F82B86584D00870297 /* FirebaseAppCheck */ = {
			isa = XCSwiftPackageProductDependency;
			package = B1EE24622B613EB1007F68B0 /* XCRemoteSwiftPackageReference "firebase-ios-sdk" */;
			productName = FirebaseAppCheck;
		};
		B14957FA2B86584D00870297 /* FirebaseAppDistribution-Beta */ = {
			isa = XCSwiftPackageProductDependency;
			package = B1EE24622B613EB1007F68B0 /* XCRemoteSwiftPackageReference "firebase-ios-sdk" */;
			productName = "FirebaseAppDistribution-Beta";
		};
		B14957FC2B86584D00870297 /* FirebaseAuth */ = {
			isa = XCSwiftPackageProductDependency;
			package = B1EE24622B613EB1007F68B0 /* XCRemoteSwiftPackageReference "firebase-ios-sdk" */;
			productName = FirebaseAuth;
		};
		B14957FE2B86584D00870297 /* FirebaseAuthCombine-Community */ = {
			isa = XCSwiftPackageProductDependency;
			package = B1EE24622B613EB1007F68B0 /* XCRemoteSwiftPackageReference "firebase-ios-sdk" */;
			productName = "FirebaseAuthCombine-Community";
		};
		B14958002B86584D00870297 /* FirebaseCrashlytics */ = {
			isa = XCSwiftPackageProductDependency;
			package = B1EE24622B613EB1007F68B0 /* XCRemoteSwiftPackageReference "firebase-ios-sdk" */;
			productName = FirebaseCrashlytics;
		};
		B14958022B86584D00870297 /* FirebaseDatabase */ = {
			isa = XCSwiftPackageProductDependency;
			package = B1EE24622B613EB1007F68B0 /* XCRemoteSwiftPackageReference "firebase-ios-sdk" */;
			productName = FirebaseDatabase;
		};
		B14958042B86590400870297 /* OpenAI */ = {
			isa = XCSwiftPackageProductDependency;
			productName = OpenAI;
		};
		B14958062B86593C00870297 /* Lottie */ = {
			isa = XCSwiftPackageProductDependency;
			productName = Lottie;
		};
		B1EE24632B613EB1007F68B0 /* FirebaseAnalytics */ = {
			isa = XCSwiftPackageProductDependency;
			package = B1EE24622B613EB1007F68B0 /* XCRemoteSwiftPackageReference "firebase-ios-sdk" */;
			productName = FirebaseAnalytics;
		};
		B1EE24652B613EB1007F68B0 /* FirebaseAnalyticsOnDeviceConversion */ = {
			isa = XCSwiftPackageProductDependency;
			package = B1EE24622B613EB1007F68B0 /* XCRemoteSwiftPackageReference "firebase-ios-sdk" */;
			productName = FirebaseAnalyticsOnDeviceConversion;
		};
		B1EE24672B613EB1007F68B0 /* FirebaseAnalyticsSwift */ = {
			isa = XCSwiftPackageProductDependency;
			package = B1EE24622B613EB1007F68B0 /* XCRemoteSwiftPackageReference "firebase-ios-sdk" */;
			productName = FirebaseAnalyticsSwift;
		};
		B1EE24692B613EB1007F68B0 /* FirebaseAnalyticsWithoutAdIdSupport */ = {
			isa = XCSwiftPackageProductDependency;
			package = B1EE24622B613EB1007F68B0 /* XCRemoteSwiftPackageReference "firebase-ios-sdk" */;
			productName = FirebaseAnalyticsWithoutAdIdSupport;
		};
/* End XCSwiftPackageProductDependency section */
	};
	rootObject = B1B8FE712B5EA9D900921BBE /* Project object */;
}
